<?xml version="1.0" encoding="utf-8"?>
<Project ToolsVersion="4.0" xmlns="http://schemas.microsoft.com/developer/msbuild/2003">
  <ItemGroup>
    <Filter Include="src">
      <UniqueIdentifier>{2DAB880B-99B4-887C-2230-9F7C8E38947C}</UniqueIdentifier>
    </Filter>
    <Filter Include="src\Apps">
      <UniqueIdentifier>{F0BE1BCF-DC8B-76DA-05A5-6482F1D0AB68}</UniqueIdentifier>
    </Filter>
    <Filter Include="src\Apps\FTS">
      <UniqueIdentifier>{ACB1DC63-9814-6C08-419A-A4BE2DDC378B}</UniqueIdentifier>
    </Filter>
    <Filter Include="src\gamez">
      <UniqueIdentifier>{50F83AB5-BC62-EF2B-05A1-A0D1714ACD80}</UniqueIdentifier>
    </Filter>
    <Filter Include="src\gamez\zAI">
      <UniqueIdentifier>{C375BA4F-2F36-3686-F870-7F0364F07A62}</UniqueIdentifier>
    </Filter>
    <Filter Include="src\gamez\zAnim">
      <UniqueIdentifier>{DE9D2F28-4A29-9DEC-533A-20E1BF44F9EC}</UniqueIdentifier>
    </Filter>
    <Filter Include="src\gamez\zArchive">
      <UniqueIdentifier>{FB58474D-E73C-08A3-509D-02F63CA0F224}</UniqueIdentifier>
    </Filter>
    <Filter Include="src\gamez\zAssetLib">
      <UniqueIdentifier>{104C4E68-7CAD-2B76-051B-7228717B6235}</UniqueIdentifier>
    </Filter>
    <Filter Include="src\gamez\zCamera">
      <UniqueIdentifier>{A2BE4FF6-0ED5-4D8C-574C-D9ADC3A11E14}</UniqueIdentifier>
    </Filter>
    <Filter Include="src\gamez\zEntity">
      <UniqueIdentifier>{7636E9FB-E24C-E791-2BC4-72B39719B819}</UniqueIdentifier>
    </Filter>
    <Filter Include="src\gamez\zFTS">
      <UniqueIdentifier>{26450947-1213-FD4C-FBA6-6D73E713D9B1}</UniqueIdentifier>
    </Filter>
    <Filter Include="src\gamez\zGame">
      <UniqueIdentifier>{53B13228-BF3C-A0EC-C84D-23E13458FCEC}</UniqueIdentifier>
    </Filter>
    <Filter Include="src\gamez\zInput">
      <UniqueIdentifier>{E93CB42E-D535-D380-FE67-B805EABFB28C}</UniqueIdentifier>
    </Filter>
    <Filter Include="src\gamez\zMath">
      <UniqueIdentifier>{83FC3528-EF87-A3EC-F898-26E164A3FFEC}</UniqueIdentifier>
    </Filter>
    <Filter Include="src\gamez\zNetwork">
      <UniqueIdentifier>{E351E518-CF35-A66E-3896-A0C1249990F0}</UniqueIdentifier>
    </Filter>
    <Filter Include="src\gamez\zNode">
      <UniqueIdentifier>{5FC23628-CB4D-A4EC-D45E-27E1406900ED}</UniqueIdentifier>
    </Filter>
    <Filter Include="src\gamez\zReader">
      <UniqueIdentifier>{ACE78E19-18FE-8CAF-6175-18D1CDCA5D37}</UniqueIdentifier>
    </Filter>
    <Filter Include="src\gamez\zRender">
      <UniqueIdentifier>{99089619-051F-94AF-4E96-1FD1BAEB6437}</UniqueIdentifier>
    </Filter>
    <Filter Include="src\gamez\zRender\particle">
      <UniqueIdentifier>{DC2401FE-C834-ADCE-31EE-11ED1D1D9C67}</UniqueIdentifier>
    </Filter>
    <Filter Include="src\gamez\zRender\vis">
      <UniqueIdentifier>{DA764690-46E3-018B-0FD7-99E87B0224F3}</UniqueIdentifier>
    </Filter>
    <Filter Include="src\gamez\zSeal">
      <UniqueIdentifier>{5E553928-CAE0-A6EC-D3F1-29E13FFC02ED}</UniqueIdentifier>
    </Filter>
    <Filter Include="src\gamez\zSound">
      <UniqueIdentifier>{A2D2692F-8ECB-8881-B7FD-6D06A355688D}</UniqueIdentifier>
    </Filter>
    <Filter Include="src\gamez\zSystem">
      <UniqueIdentifier>{3E1D581D-AA33-56B3-F3AA-E1D45F00273B}</UniqueIdentifier>
    </Filter>
    <Filter Include="src\gamez\zTexture">
      <UniqueIdentifier>{CA9409E7-B678-CA3C-1FD9-C48F0BDCB4BE}</UniqueIdentifier>
    </Filter>
    <Filter Include="src\gamez\zTwoD">
      <UniqueIdentifier>{F72F3A28-63BB-A7EC-6CCC-2AE1D8D603ED}</UniqueIdentifier>
    </Filter>
    <Filter Include="src\gamez\zUI">
      <UniqueIdentifier>{5778BA4F-C338-3686-8C73-7F03F8F27A62}</UniqueIdentifier>
    </Filter>
    <Filter Include="src\gamez\zUtil">
      <UniqueIdentifier>{F7AE3A28-633A-A8EC-6C4B-2BE1D85504ED}</UniqueIdentifier>
    </Filter>
    <Filter Include="src\gamez\zValve">
      <UniqueIdentifier>{9749982F-8342-B781-AC74-9C0698CC968D}</UniqueIdentifier>
    </Filter>
    <Filter Include="src\gamez\zVideo">
      <UniqueIdentifier>{70889C2F-5C81-BB81-85B3-A006710B9B8D}</UniqueIdentifier>
    </Filter>
    <Filter Include="src\gamez\zWeapon">
      <UniqueIdentifier>{23E73825-8FFD-36BB-D874-C2DC44CA0743}</UniqueIdentifier>
    </Filter>
    <Filter Include="vendor">
      <UniqueIdentifier>{B3738122-9F15-ACF8-88D0-BF4C74113349}</UniqueIdentifier>
    </Filter>
    <Filter Include="vendor\freebsd">
      <UniqueIdentifier>{DD955A8A-C963-4E90-B2F7-BEB69E642AF5}</UniqueIdentifier>
    </Filter>
    <Filter Include="vendor\rt">
      <UniqueIdentifier>{E89153DE-54FC-0755-9D3A-B9FA09E4E5A9}</UniqueIdentifier>
    </Filter>
  </ItemGroup>
  <ItemGroup>
    <ClInclude Include="src\Apps\FTS\hud.h">
      <Filter>src\Apps\FTS</Filter>
    </ClInclude>
    <ClInclude Include="src\gamez\zAI\zai.h">
      <Filter>src\gamez\zAI</Filter>
    </ClInclude>
    <ClInclude Include="src\gamez\zAnim\zanim.h">
      <Filter>src\gamez\zAnim</Filter>
    </ClInclude>
    <ClInclude Include="src\gamez\zArchive\zar.h">
      <Filter>src\gamez\zArchive</Filter>
    </ClInclude>
    <ClInclude Include="src\gamez\zAssetLib\zassetlib.h">
      <Filter>src\gamez\zAssetLib</Filter>
    </ClInclude>
    <ClInclude Include="src\gamez\zCamera\zcam.h">
      <Filter>src\gamez\zCamera</Filter>
    </ClInclude>
    <ClInclude Include="src\gamez\zEntity\body.h">
      <Filter>src\gamez\zEntity</Filter>
    </ClInclude>
    <ClInclude Include="src\gamez\zEntity\zentity.h">
      <Filter>src\gamez\zEntity</Filter>
    </ClInclude>
    <ClInclude Include="src\gamez\zFTS\fts_state.h">
      <Filter>src\gamez\zFTS</Filter>
    </ClInclude>
    <ClInclude Include="src\gamez\zFTS\zfts.h">
      <Filter>src\gamez\zFTS</Filter>
    </ClInclude>
    <ClInclude Include="src\gamez\zGame\zgame.h">
      <Filter>src\gamez\zGame</Filter>
    </ClInclude>
    <ClInclude Include="src\gamez\zInput\zinput.h">
      <Filter>src\gamez\zInput</Filter>
    </ClInclude>
    <ClInclude Include="src\gamez\zMath\zmath.h">
      <Filter>src\gamez\zMath</Filter>
    </ClInclude>
    <ClInclude Include="src\gamez\zMath\zmath_bits.h">
      <Filter>src\gamez\zMath</Filter>
    </ClInclude>
    <ClInclude Include="src\gamez\zNetwork\znet.h">
      <Filter>src\gamez\zNetwork</Filter>
    </ClInclude>
    <ClInclude Include="src\gamez\zNode\znode.h">
      <Filter>src\gamez\zNode</Filter>
    </ClInclude>
    <ClInclude Include="src\gamez\zReader\zrdr.h">
      <Filter>src\gamez\zReader</Filter>
    </ClInclude>
    <ClInclude Include="src\gamez\zReader\zrdr_local.h">
      <Filter>src\gamez\zReader</Filter>
    </ClInclude>
    <ClInclude Include="src\gamez\zRender\particle\zparticle.h">
      <Filter>src\gamez\zRender\particle</Filter>
    </ClInclude>
    <ClInclude Include="src\gamez\zRender\vis\zvis.h">
      <Filter>src\gamez\zRender\vis</Filter>
    </ClInclude>
    <ClInclude Include="src\gamez\zRender\zrender.h">
      <Filter>src\gamez\zRender</Filter>
    </ClInclude>
    <ClInclude Include="src\gamez\zSeal\zseal.h">
      <Filter>src\gamez\zSeal</Filter>
    </ClInclude>
    <ClInclude Include="src\gamez\zSound\zsnd.h">
      <Filter>src\gamez\zSound</Filter>
    </ClInclude>
    <ClInclude Include="src\gamez\zSystem\zsys.h">
      <Filter>src\gamez\zSystem</Filter>
    </ClInclude>
    <ClInclude Include="src\gamez\zTexture\ztex.h">
      <Filter>src\gamez\zTexture</Filter>
    </ClInclude>
    <ClInclude Include="src\gamez\zTwoD\ztwod.h">
      <Filter>src\gamez\zTwoD</Filter>
    </ClInclude>
    <ClInclude Include="src\gamez\zUI\zui.h">
      <Filter>src\gamez\zUI</Filter>
    </ClInclude>
    <ClInclude Include="src\gamez\zUtil\util_stable.h">
      <Filter>src\gamez\zUtil</Filter>
    </ClInclude>
    <ClInclude Include="src\gamez\zUtil\util_systemio.h">
      <Filter>src\gamez\zUtil</Filter>
    </ClInclude>
    <ClInclude Include="src\gamez\zUtil\zutil.h">
      <Filter>src\gamez\zUtil</Filter>
    </ClInclude>
    <ClInclude Include="src\gamez\zValve\zvalve.h">
      <Filter>src\gamez\zValve</Filter>
    </ClInclude>
    <ClInclude Include="src\gamez\zVideo\zvid.h">
      <Filter>src\gamez\zVideo</Filter>
    </ClInclude>
    <ClInclude Include="src\gamez\zWeapon\zweapon.h">
      <Filter>src\gamez\zWeapon</Filter>
    </ClInclude>
    <ClInclude Include="vendor\freebsd\strcasecmp.h">
      <Filter>vendor\freebsd</Filter>
    </ClInclude>
    <ClInclude Include="vendor\rt\rtarray.h">
      <Filter>vendor\rt</Filter>
    </ClInclude>
    <ClInclude Include="vendor\rsa\rsadef.h" />
    <ClInclude Include="vendor\GL\eglew.h" />
    <ClInclude Include="vendor\GL\glew.h" />
    <ClInclude Include="vendor\GL\glxew.h" />
    <ClInclude Include="vendor\GL\wglew.h" />
    <ClInclude Include="vendor\GLFW\glfw3.h" />
    <ClInclude Include="vendor\GLFW\glfw3native.h" />
    <ClInclude Include="vendor\glm\detail\_features.hpp" />
    <ClInclude Include="vendor\glm\detail\_fixes.hpp" />
    <ClInclude Include="vendor\glm\detail\_noise.hpp" />
    <ClInclude Include="vendor\glm\detail\_swizzle.hpp" />
    <ClInclude Include="vendor\glm\detail\_swizzle_func.hpp" />
    <ClInclude Include="vendor\glm\detail\_vectorize.hpp" />
    <ClInclude Include="vendor\glm\detail\compute_common.hpp" />
    <ClInclude Include="vendor\glm\detail\compute_vector_decl.hpp" />
    <ClInclude Include="vendor\glm\detail\compute_vector_relational.hpp" />
    <ClInclude Include="vendor\glm\detail\qualifier.hpp" />
    <ClInclude Include="vendor\glm\detail\setup.hpp" />
    <ClInclude Include="vendor\glm\detail\type_float.hpp" />
    <ClInclude Include="vendor\glm\detail\type_half.hpp" />
    <ClInclude Include="vendor\glm\detail\type_mat2x2.hpp" />
    <ClInclude Include="vendor\glm\detail\type_mat2x3.hpp" />
    <ClInclude Include="vendor\glm\detail\type_mat2x4.hpp" />
    <ClInclude Include="vendor\glm\detail\type_mat3x2.hpp" />
    <ClInclude Include="vendor\glm\detail\type_mat3x3.hpp" />
    <ClInclude Include="vendor\glm\detail\type_mat3x4.hpp" />
    <ClInclude Include="vendor\glm\detail\type_mat4x2.hpp" />
    <ClInclude Include="vendor\glm\detail\type_mat4x3.hpp" />
    <ClInclude Include="vendor\glm\detail\type_mat4x4.hpp" />
    <ClInclude Include="vendor\glm\detail\type_quat.hpp" />
    <ClInclude Include="vendor\glm\detail\type_vec1.hpp" />
    <ClInclude Include="vendor\glm\detail\type_vec2.hpp" />
    <ClInclude Include="vendor\glm\detail\type_vec3.hpp" />
    <ClInclude Include="vendor\glm\detail\type_vec4.hpp" />
    <ClInclude Include="vendor\glm\ext\_matrix_vectorize.hpp" />
    <ClInclude Include="vendor\glm\ext\matrix_clip_space.hpp" />
    <ClInclude Include="vendor\glm\ext\matrix_common.hpp" />
    <ClInclude Include="vendor\glm\ext\matrix_double2x2.hpp" />
    <ClInclude Include="vendor\glm\ext\matrix_double2x2_precision.hpp" />
    <ClInclude Include="vendor\glm\ext\matrix_double2x3.hpp" />
    <ClInclude Include="vendor\glm\ext\matrix_double2x3_precision.hpp" />
    <ClInclude Include="vendor\glm\ext\matrix_double2x4.hpp" />
    <ClInclude Include="vendor\glm\ext\matrix_double2x4_precision.hpp" />
    <ClInclude Include="vendor\glm\ext\matrix_double3x2.hpp" />
    <ClInclude Include="vendor\glm\ext\matrix_double3x2_precision.hpp" />
    <ClInclude Include="vendor\glm\ext\matrix_double3x3.hpp" />
    <ClInclude Include="vendor\glm\ext\matrix_double3x3_precision.hpp" />
    <ClInclude Include="vendor\glm\ext\matrix_double3x4.hpp" />
    <ClInclude Include="vendor\glm\ext\matrix_double3x4_precision.hpp" />
    <ClInclude Include="vendor\glm\ext\matrix_double4x2.hpp" />
    <ClInclude Include="vendor\glm\ext\matrix_double4x2_precision.hpp" />
    <ClInclude Include="vendor\glm\ext\matrix_double4x3.hpp" />
    <ClInclude Include="vendor\glm\ext\matrix_double4x3_precision.hpp" />
    <ClInclude Include="vendor\glm\ext\matrix_double4x4.hpp" />
    <ClInclude Include="vendor\glm\ext\matrix_double4x4_precision.hpp" />
    <ClInclude Include="vendor\glm\ext\matrix_float2x2.hpp" />
    <ClInclude Include="vendor\glm\ext\matrix_float2x2_precision.hpp" />
    <ClInclude Include="vendor\glm\ext\matrix_float2x3.hpp" />
    <ClInclude Include="vendor\glm\ext\matrix_float2x3_precision.hpp" />
    <ClInclude Include="vendor\glm\ext\matrix_float2x4.hpp" />
    <ClInclude Include="vendor\glm\ext\matrix_float2x4_precision.hpp" />
    <ClInclude Include="vendor\glm\ext\matrix_float3x2.hpp" />
    <ClInclude Include="vendor\glm\ext\matrix_float3x2_precision.hpp" />
    <ClInclude Include="vendor\glm\ext\matrix_float3x3.hpp" />
    <ClInclude Include="vendor\glm\ext\matrix_float3x3_precision.hpp" />
    <ClInclude Include="vendor\glm\ext\matrix_float3x4.hpp" />
    <ClInclude Include="vendor\glm\ext\matrix_float3x4_precision.hpp" />
    <ClInclude Include="vendor\glm\ext\matrix_float4x2.hpp" />
    <ClInclude Include="vendor\glm\ext\matrix_float4x2_precision.hpp" />
    <ClInclude Include="vendor\glm\ext\matrix_float4x3.hpp" />
    <ClInclude Include="vendor\glm\ext\matrix_float4x3_precision.hpp" />
    <ClInclude Include="vendor\glm\ext\matrix_float4x4.hpp" />
    <ClInclude Include="vendor\glm\ext\matrix_float4x4_precision.hpp" />
    <ClInclude Include="vendor\glm\ext\matrix_int2x2.hpp" />
    <ClInclude Include="vendor\glm\ext\matrix_int2x2_sized.hpp" />
    <ClInclude Include="vendor\glm\ext\matrix_int2x3.hpp" />
    <ClInclude Include="vendor\glm\ext\matrix_int2x3_sized.hpp" />
    <ClInclude Include="vendor\glm\ext\matrix_int2x4.hpp" />
    <ClInclude Include="vendor\glm\ext\matrix_int2x4_sized.hpp" />
    <ClInclude Include="vendor\glm\ext\matrix_int3x2.hpp" />
    <ClInclude Include="vendor\glm\ext\matrix_int3x2_sized.hpp" />
    <ClInclude Include="vendor\glm\ext\matrix_int3x3.hpp" />
    <ClInclude Include="vendor\glm\ext\matrix_int3x3_sized.hpp" />
    <ClInclude Include="vendor\glm\ext\matrix_int3x4.hpp" />
    <ClInclude Include="vendor\glm\ext\matrix_int3x4_sized.hpp" />
    <ClInclude Include="vendor\glm\ext\matrix_int4x2.hpp" />
    <ClInclude Include="vendor\glm\ext\matrix_int4x2_sized.hpp" />
    <ClInclude Include="vendor\glm\ext\matrix_int4x3.hpp" />
    <ClInclude Include="vendor\glm\ext\matrix_int4x3_sized.hpp" />
    <ClInclude Include="vendor\glm\ext\matrix_int4x4.hpp" />
    <ClInclude Include="vendor\glm\ext\matrix_int4x4_sized.hpp" />
    <ClInclude Include="vendor\glm\ext\matrix_integer.hpp" />
    <ClInclude Include="vendor\glm\ext\matrix_projection.hpp" />
    <ClInclude Include="vendor\glm\ext\matrix_relational.hpp" />
    <ClInclude Include="vendor\glm\ext\matrix_transform.hpp" />
    <ClInclude Include="vendor\glm\ext\matrix_uint2x2.hpp" />
    <ClInclude Include="vendor\glm\ext\matrix_uint2x2_sized.hpp" />
    <ClInclude Include="vendor\glm\ext\matrix_uint2x3.hpp" />
    <ClInclude Include="vendor\glm\ext\matrix_uint2x3_sized.hpp" />
    <ClInclude Include="vendor\glm\ext\matrix_uint2x4.hpp" />
    <ClInclude Include="vendor\glm\ext\matrix_uint2x4_sized.hpp" />
    <ClInclude Include="vendor\glm\ext\matrix_uint3x2.hpp" />
    <ClInclude Include="vendor\glm\ext\matrix_uint3x2_sized.hpp" />
    <ClInclude Include="vendor\glm\ext\matrix_uint3x3.hpp" />
    <ClInclude Include="vendor\glm\ext\matrix_uint3x3_sized.hpp" />
    <ClInclude Include="vendor\glm\ext\matrix_uint3x4.hpp" />
    <ClInclude Include="vendor\glm\ext\matrix_uint3x4_sized.hpp" />
    <ClInclude Include="vendor\glm\ext\matrix_uint4x2.hpp" />
    <ClInclude Include="vendor\glm\ext\matrix_uint4x2_sized.hpp" />
    <ClInclude Include="vendor\glm\ext\matrix_uint4x3.hpp" />
    <ClInclude Include="vendor\glm\ext\matrix_uint4x3_sized.hpp" />
    <ClInclude Include="vendor\glm\ext\matrix_uint4x4.hpp" />
    <ClInclude Include="vendor\glm\ext\matrix_uint4x4_sized.hpp" />
    <ClInclude Include="vendor\glm\ext\quaternion_common.hpp" />
    <ClInclude Include="vendor\glm\ext\quaternion_double.hpp" />
    <ClInclude Include="vendor\glm\ext\quaternion_double_precision.hpp" />
    <ClInclude Include="vendor\glm\ext\quaternion_exponential.hpp" />
    <ClInclude Include="vendor\glm\ext\quaternion_float.hpp" />
    <ClInclude Include="vendor\glm\ext\quaternion_float_precision.hpp" />
    <ClInclude Include="vendor\glm\ext\quaternion_geometric.hpp" />
    <ClInclude Include="vendor\glm\ext\quaternion_relational.hpp" />
    <ClInclude Include="vendor\glm\ext\quaternion_transform.hpp" />
    <ClInclude Include="vendor\glm\ext\quaternion_trigonometric.hpp" />
    <ClInclude Include="vendor\glm\ext\scalar_common.hpp" />
    <ClInclude Include="vendor\glm\ext\scalar_constants.hpp" />
    <ClInclude Include="vendor\glm\ext\scalar_int_sized.hpp" />
    <ClInclude Include="vendor\glm\ext\scalar_integer.hpp" />
    <ClInclude Include="vendor\glm\ext\scalar_packing.hpp" />
    <ClInclude Include="vendor\glm\ext\scalar_reciprocal.hpp" />
    <ClInclude Include="vendor\glm\ext\scalar_relational.hpp" />
    <ClInclude Include="vendor\glm\ext\scalar_uint_sized.hpp" />
    <ClInclude Include="vendor\glm\ext\scalar_ulp.hpp" />
    <ClInclude Include="vendor\glm\ext\vector_bool1.hpp" />
    <ClInclude Include="vendor\glm\ext\vector_bool1_precision.hpp" />
    <ClInclude Include="vendor\glm\ext\vector_bool2.hpp" />
    <ClInclude Include="vendor\glm\ext\vector_bool2_precision.hpp" />
    <ClInclude Include="vendor\glm\ext\vector_bool3.hpp" />
    <ClInclude Include="vendor\glm\ext\vector_bool3_precision.hpp" />
    <ClInclude Include="vendor\glm\ext\vector_bool4.hpp" />
    <ClInclude Include="vendor\glm\ext\vector_bool4_precision.hpp" />
    <ClInclude Include="vendor\glm\ext\vector_common.hpp" />
    <ClInclude Include="vendor\glm\ext\vector_double1.hpp" />
    <ClInclude Include="vendor\glm\ext\vector_double1_precision.hpp" />
    <ClInclude Include="vendor\glm\ext\vector_double2.hpp" />
    <ClInclude Include="vendor\glm\ext\vector_double2_precision.hpp" />
    <ClInclude Include="vendor\glm\ext\vector_double3.hpp" />
    <ClInclude Include="vendor\glm\ext\vector_double3_precision.hpp" />
    <ClInclude Include="vendor\glm\ext\vector_double4.hpp" />
    <ClInclude Include="vendor\glm\ext\vector_double4_precision.hpp" />
    <ClInclude Include="vendor\glm\ext\vector_float1.hpp" />
    <ClInclude Include="vendor\glm\ext\vector_float1_precision.hpp" />
    <ClInclude Include="vendor\glm\ext\vector_float2.hpp" />
    <ClInclude Include="vendor\glm\ext\vector_float2_precision.hpp" />
    <ClInclude Include="vendor\glm\ext\vector_float3.hpp" />
    <ClInclude Include="vendor\glm\ext\vector_float3_precision.hpp" />
    <ClInclude Include="vendor\glm\ext\vector_float4.hpp" />
    <ClInclude Include="vendor\glm\ext\vector_float4_precision.hpp" />
    <ClInclude Include="vendor\glm\ext\vector_int1.hpp" />
    <ClInclude Include="vendor\glm\ext\vector_int1_sized.hpp" />
    <ClInclude Include="vendor\glm\ext\vector_int2.hpp" />
    <ClInclude Include="vendor\glm\ext\vector_int2_sized.hpp" />
    <ClInclude Include="vendor\glm\ext\vector_int3.hpp" />
    <ClInclude Include="vendor\glm\ext\vector_int3_sized.hpp" />
    <ClInclude Include="vendor\glm\ext\vector_int4.hpp" />
    <ClInclude Include="vendor\glm\ext\vector_int4_sized.hpp" />
    <ClInclude Include="vendor\glm\ext\vector_integer.hpp" />
    <ClInclude Include="vendor\glm\ext\vector_packing.hpp" />
    <ClInclude Include="vendor\glm\ext\vector_reciprocal.hpp" />
    <ClInclude Include="vendor\glm\ext\vector_relational.hpp" />
    <ClInclude Include="vendor\glm\ext\vector_uint1.hpp" />
    <ClInclude Include="vendor\glm\ext\vector_uint1_sized.hpp" />
    <ClInclude Include="vendor\glm\ext\vector_uint2.hpp" />
    <ClInclude Include="vendor\glm\ext\vector_uint2_sized.hpp" />
    <ClInclude Include="vendor\glm\ext\vector_uint3.hpp" />
    <ClInclude Include="vendor\glm\ext\vector_uint3_sized.hpp" />
    <ClInclude Include="vendor\glm\ext\vector_uint4.hpp" />
    <ClInclude Include="vendor\glm\ext\vector_uint4_sized.hpp" />
    <ClInclude Include="vendor\glm\ext\vector_ulp.hpp" />
    <ClInclude Include="vendor\glm\gtc\bitfield.hpp" />
    <ClInclude Include="vendor\glm\gtc\color_space.hpp" />
    <ClInclude Include="vendor\glm\gtc\constants.hpp" />
    <ClInclude Include="vendor\glm\gtc\epsilon.hpp" />
    <ClInclude Include="vendor\glm\gtc\integer.hpp" />
    <ClInclude Include="vendor\glm\gtc\matrix_access.hpp" />
    <ClInclude Include="vendor\glm\gtc\matrix_integer.hpp" />
    <ClInclude Include="vendor\glm\gtc\matrix_inverse.hpp" />
    <ClInclude Include="vendor\glm\gtc\matrix_transform.hpp" />
    <ClInclude Include="vendor\glm\gtc\noise.hpp" />
    <ClInclude Include="vendor\glm\gtc\packing.hpp" />
    <ClInclude Include="vendor\glm\gtc\quaternion.hpp" />
    <ClInclude Include="vendor\glm\gtc\random.hpp" />
    <ClInclude Include="vendor\glm\gtc\reciprocal.hpp" />
    <ClInclude Include="vendor\glm\gtc\round.hpp" />
    <ClInclude Include="vendor\glm\gtc\type_aligned.hpp" />
    <ClInclude Include="vendor\glm\gtc\type_precision.hpp" />
    <ClInclude Include="vendor\glm\gtc\type_ptr.hpp" />
    <ClInclude Include="vendor\glm\gtc\ulp.hpp" />
    <ClInclude Include="vendor\glm\gtc\vec1.hpp" />
    <ClInclude Include="vendor\glm\gtx\associated_min_max.hpp" />
    <ClInclude Include="vendor\glm\gtx\bit.hpp" />
    <ClInclude Include="vendor\glm\gtx\closest_point.hpp" />
    <ClInclude Include="vendor\glm\gtx\color_encoding.hpp" />
    <ClInclude Include="vendor\glm\gtx\color_space.hpp" />
    <ClInclude Include="vendor\glm\gtx\color_space_YCoCg.hpp" />
    <ClInclude Include="vendor\glm\gtx\common.hpp" />
    <ClInclude Include="vendor\glm\gtx\compatibility.hpp" />
    <ClInclude Include="vendor\glm\gtx\component_wise.hpp" />
    <ClInclude Include="vendor\glm\gtx\dual_quaternion.hpp" />
    <ClInclude Include="vendor\glm\gtx\easing.hpp" />
    <ClInclude Include="vendor\glm\gtx\euler_angles.hpp" />
    <ClInclude Include="vendor\glm\gtx\extend.hpp" />
    <ClInclude Include="vendor\glm\gtx\extended_min_max.hpp" />
    <ClInclude Include="vendor\glm\gtx\exterior_product.hpp" />
    <ClInclude Include="vendor\glm\gtx\fast_exponential.hpp" />
    <ClInclude Include="vendor\glm\gtx\fast_square_root.hpp" />
    <ClInclude Include="vendor\glm\gtx\fast_trigonometry.hpp" />
    <ClInclude Include="vendor\glm\gtx\functions.hpp" />
    <ClInclude Include="vendor\glm\gtx\gradient_paint.hpp" />
    <ClInclude Include="vendor\glm\gtx\handed_coordinate_space.hpp" />
    <ClInclude Include="vendor\glm\gtx\hash.hpp" />
    <ClInclude Include="vendor\glm\gtx\integer.hpp" />
    <ClInclude Include="vendor\glm\gtx\intersect.hpp" />
    <ClInclude Include="vendor\glm\gtx\io.hpp" />
    <ClInclude Include="vendor\glm\gtx\log_base.hpp" />
    <ClInclude Include="vendor\glm\gtx\matrix_cross_product.hpp" />
    <ClInclude Include="vendor\glm\gtx\matrix_decompose.hpp" />
    <ClInclude Include="vendor\glm\gtx\matrix_factorisation.hpp" />
    <ClInclude Include="vendor\glm\gtx\matrix_interpolation.hpp" />
    <ClInclude Include="vendor\glm\gtx\matrix_major_storage.hpp" />
    <ClInclude Include="vendor\glm\gtx\matrix_operation.hpp" />
    <ClInclude Include="vendor\glm\gtx\matrix_query.hpp" />
    <ClInclude Include="vendor\glm\gtx\matrix_transform_2d.hpp" />
    <ClInclude Include="vendor\glm\gtx\mixed_product.hpp" />
    <ClInclude Include="vendor\glm\gtx\norm.hpp" />
    <ClInclude Include="vendor\glm\gtx\normal.hpp" />
    <ClInclude Include="vendor\glm\gtx\normalize_dot.hpp" />
    <ClInclude Include="vendor\glm\gtx\number_precision.hpp" />
    <ClInclude Include="vendor\glm\gtx\optimum_pow.hpp" />
    <ClInclude Include="vendor\glm\gtx\orthonormalize.hpp" />
    <ClInclude Include="vendor\glm\gtx\pca.hpp" />
    <ClInclude Include="vendor\glm\gtx\perpendicular.hpp" />
    <ClInclude Include="vendor\glm\gtx\polar_coordinates.hpp" />
    <ClInclude Include="vendor\glm\gtx\projection.hpp" />
    <ClInclude Include="vendor\glm\gtx\quaternion.hpp" />
    <ClInclude Include="vendor\glm\gtx\range.hpp" />
    <ClInclude Include="vendor\glm\gtx\raw_data.hpp" />
    <ClInclude Include="vendor\glm\gtx\rotate_normalized_axis.hpp" />
    <ClInclude Include="vendor\glm\gtx\rotate_vector.hpp" />
    <ClInclude Include="vendor\glm\gtx\scalar_multiplication.hpp" />
    <ClInclude Include="vendor\glm\gtx\scalar_relational.hpp" />
    <ClInclude Include="vendor\glm\gtx\spline.hpp" />
    <ClInclude Include="vendor\glm\gtx\std_based_type.hpp" />
    <ClInclude Include="vendor\glm\gtx\string_cast.hpp" />
    <ClInclude Include="vendor\glm\gtx\texture.hpp" />
    <ClInclude Include="vendor\glm\gtx\transform.hpp" />
    <ClInclude Include="vendor\glm\gtx\transform2.hpp" />
    <ClInclude Include="vendor\glm\gtx\type_aligned.hpp" />
    <ClInclude Include="vendor\glm\gtx\type_trait.hpp" />
    <ClInclude Include="vendor\glm\gtx\vec_swizzle.hpp" />
    <ClInclude Include="vendor\glm\gtx\vector_angle.hpp" />
    <ClInclude Include="vendor\glm\gtx\vector_query.hpp" />
    <ClInclude Include="vendor\glm\gtx\wrap.hpp" />
    <ClInclude Include="vendor\glm\simd\common.h" />
    <ClInclude Include="vendor\glm\simd\exponential.h" />
    <ClInclude Include="vendor\glm\simd\geometric.h" />
    <ClInclude Include="vendor\glm\simd\integer.h" />
    <ClInclude Include="vendor\glm\simd\matrix.h" />
    <ClInclude Include="vendor\glm\simd\neon.h" />
    <ClInclude Include="vendor\glm\simd\packing.h" />
    <ClInclude Include="vendor\glm\simd\platform.h" />
    <ClInclude Include="vendor\glm\simd\trigonometric.h" />
    <ClInclude Include="vendor\glm\simd\vector_relational.h" />
    <ClInclude Include="vendor\glm\common.hpp" />
    <ClInclude Include="vendor\glm\exponential.hpp" />
    <ClInclude Include="vendor\glm\ext.hpp" />
    <ClInclude Include="vendor\glm\fwd.hpp" />
    <ClInclude Include="vendor\glm\geometric.hpp" />
    <ClInclude Include="vendor\glm\glm.hpp" />
    <ClInclude Include="vendor\glm\integer.hpp" />
    <ClInclude Include="vendor\glm\mat2x2.hpp" />
    <ClInclude Include="vendor\glm\mat2x3.hpp" />
    <ClInclude Include="vendor\glm\mat2x4.hpp" />
    <ClInclude Include="vendor\glm\mat3x2.hpp" />
    <ClInclude Include="vendor\glm\mat3x3.hpp" />
    <ClInclude Include="vendor\glm\mat3x4.hpp" />
    <ClInclude Include="vendor\glm\mat4x2.hpp" />
    <ClInclude Include="vendor\glm\mat4x3.hpp" />
    <ClInclude Include="vendor\glm\mat4x4.hpp" />
    <ClInclude Include="vendor\glm\matrix.hpp" />
    <ClInclude Include="vendor\glm\packing.hpp" />
    <ClInclude Include="vendor\glm\trigonometric.hpp" />
    <ClInclude Include="vendor\glm\vec2.hpp" />
    <ClInclude Include="vendor\glm\vec3.hpp" />
    <ClInclude Include="vendor\glm\vec4.hpp" />
    <ClInclude Include="vendor\glm\vector_relational.hpp" />
  </ItemGroup>
  <ItemGroup>
    <ClCompile Include="src\Apps\FTS\database.cpp">
      <Filter>src\Apps\FTS</Filter>
    </ClCompile>
    <ClCompile Include="src\Apps\FTS\getopt.cpp">
      <Filter>src\Apps\FTS</Filter>
    </ClCompile>
    <ClCompile Include="src\Apps\FTS\hud_actionbitmap.cpp">
      <Filter>src\Apps\FTS</Filter>
    </ClCompile>
    <ClCompile Include="src\Apps\FTS\hud_bitmapreticule.cpp">
      <Filter>src\Apps\FTS</Filter>
    </ClCompile>
    <ClCompile Include="src\Apps\FTS\hud_bombmapitem.cpp">
      <Filter>src\Apps\FTS</Filter>
    </ClCompile>
    <ClCompile Include="src\Apps\FTS\hud_claymoremapitem.cpp">
      <Filter>src\Apps\FTS</Filter>
    </ClCompile>
    <ClCompile Include="src\Apps\FTS\hud_devtext.cpp">
      <Filter>src\Apps\FTS</Filter>
    </ClCompile>
    <ClCompile Include="src\Apps\FTS\hud_fader.cpp">
      <Filter>src\Apps\FTS</Filter>
    </ClCompile>
    <ClCompile Include="src\Apps\FTS\hud_ingame_weaponsel.cpp">
      <Filter>src\Apps\FTS</Filter>
    </ClCompile>
    <ClCompile Include="src\Apps\FTS\hud_lensflare.cpp">
      <Filter>src\Apps\FTS</Filter>
    </ClCompile>
    <ClCompile Include="src\Apps\FTS\hud_letterbox.cpp">
      <Filter>src\Apps\FTS</Filter>
    </ClCompile>
    <ClCompile Include="src\Apps\FTS\hud_linemap.cpp">
      <Filter>src\Apps\FTS</Filter>
    </ClCompile>
    <ClCompile Include="src\Apps\FTS\hud_main.cpp">
      <Filter>src\Apps\FTS</Filter>
    </ClCompile>
    <ClCompile Include="src\Apps\FTS\hud_mapcompass.cpp">
      <Filter>src\Apps\FTS</Filter>
    </ClCompile>
    <ClCompile Include="src\Apps\FTS\hud_missioncams.cpp">
      <Filter>src\Apps\FTS</Filter>
    </ClCompile>
    <ClCompile Include="src\Apps\FTS\hud_newhudmap.cpp">
      <Filter>src\Apps\FTS</Filter>
    </ClCompile>
    <ClCompile Include="src\Apps\FTS\hud_objectives.cpp">
      <Filter>src\Apps\FTS</Filter>
    </ClCompile>
    <ClCompile Include="src\Apps\FTS\hud_pausemenu.cpp">
      <Filter>src\Apps\FTS</Filter>
    </ClCompile>
    <ClCompile Include="src\Apps\FTS\hud_playermapitem.cpp">
      <Filter>src\Apps\FTS</Filter>
    </ClCompile>
    <ClCompile Include="src\Apps\FTS\hud_posebitmap.cpp">
      <Filter>src\Apps\FTS</Filter>
    </ClCompile>
    <ClCompile Include="src\Apps\FTS\hud_scorepopup.cpp">
      <Filter>src\Apps\FTS</Filter>
    </ClCompile>
    <ClCompile Include="src\Apps\FTS\hud_teammatenames.cpp">
      <Filter>src\Apps\FTS</Filter>
    </ClCompile>
    <ClCompile Include="src\Apps\FTS\hud_teamnames.cpp">
      <Filter>src\Apps\FTS</Filter>
    </ClCompile>
    <ClCompile Include="src\Apps\FTS\hud_weaponsel.cpp">
      <Filter>src\Apps\FTS</Filter>
    </ClCompile>
    <ClCompile Include="src\Apps\FTS\main.cpp">
      <Filter>src\Apps\FTS</Filter>
    </ClCompile>
    <ClCompile Include="src\Apps\FTS\options.cpp">
      <Filter>src\Apps\FTS</Filter>
    </ClCompile>
    <ClCompile Include="src\Apps\FTS\orders.cpp">
      <Filter>src\Apps\FTS</Filter>
    </ClCompile>
    <ClCompile Include="src\Apps\FTS\reco.cpp">
      <Filter>src\Apps\FTS</Filter>
    </ClCompile>
    <ClCompile Include="src\Apps\FTS\st_core.cpp">
      <Filter>src\Apps\FTS</Filter>
    </ClCompile>
    <ClCompile Include="src\Apps\FTS\st_exit.cpp">
      <Filter>src\Apps\FTS</Filter>
    </ClCompile>
    <ClCompile Include="src\Apps\FTS\st_load.cpp">
      <Filter>src\Apps\FTS</Filter>
    </ClCompile>
    <ClCompile Include="src\Apps\FTS\st_menu.cpp">
      <Filter>src\Apps\FTS</Filter>
    </ClCompile>
    <ClCompile Include="src\Apps\FTS\st_mpexit.cpp">
      <Filter>src\Apps\FTS</Filter>
    </ClCompile>
    <ClCompile Include="src\Apps\FTS\thezoom.cpp">
      <Filter>src\Apps\FTS</Filter>
    </ClCompile>
    <ClCompile Include="src\gamez\zAI\ai_astar.cpp">
      <Filter>src\gamez\zAI</Filter>
    </ClCompile>
    <ClCompile Include="src\gamez\zAI\ai_events.cpp">
      <Filter>src\gamez\zAI</Filter>
    </ClCompile>
    <ClCompile Include="src\gamez\zAI\ai_main.cpp">
      <Filter>src\gamez\zAI</Filter>
    </ClCompile>
    <ClCompile Include="src\gamez\zAI\ai_map.cpp">
      <Filter>src\gamez\zAI</Filter>
    </ClCompile>
    <ClCompile Include="src\gamez\zAI\ai_mapio.cpp">
      <Filter>src\gamez\zAI</Filter>
    </ClCompile>
    <ClCompile Include="src\gamez\zAI\ai_maps.cpp">
      <Filter>src\gamez\zAI</Filter>
    </ClCompile>
    <ClCompile Include="src\gamez\zAI\ai_path.cpp">
      <Filter>src\gamez\zAI</Filter>
    </ClCompile>
    <ClCompile Include="src\gamez\zAI\ai_vismap.cpp">
      <Filter>src\gamez\zAI</Filter>
    </ClCompile>
    <ClCompile Include="src\gamez\zAnim\anim.cpp">
      <Filter>src\gamez\zAnim</Filter>
    </ClCompile>
    <ClCompile Include="src\gamez\zAnim\anim_main.cpp">
      <Filter>src\gamez\zAnim</Filter>
    </ClCompile>
    <ClCompile Include="src\gamez\zAnim\zanim_anim.cpp">
      <Filter>src\gamez\zAnim</Filter>
    </ClCompile>
    <ClCompile Include="src\gamez\zAnim\zanim_cmd_parse.cpp">
      <Filter>src\gamez\zAnim</Filter>
    </ClCompile>
    <ClCompile Include="src\gamez\zAnim\zanim_cmd_tick.cpp">
      <Filter>src\gamez\zAnim</Filter>
    </ClCompile>
    <ClCompile Include="src\gamez\zAnim\zanim_menu.cpp">
      <Filter>src\gamez\zAnim</Filter>
    </ClCompile>
    <ClCompile Include="src\gamez\zArchive\zar_main.cpp">
      <Filter>src\gamez\zArchive</Filter>
    </ClCompile>
    <ClCompile Include="src\gamez\zArchive\zar_search.cpp">
      <Filter>src\gamez\zArchive</Filter>
    </ClCompile>
    <ClCompile Include="src\gamez\zCamera\camera.cpp">
      <Filter>src\gamez\zCamera</Filter>
    </ClCompile>
    <ClCompile Include="src\gamez\zCamera\fov.cpp">
      <Filter>src\gamez\zCamera</Filter>
    </ClCompile>
    <ClCompile Include="src\gamez\zCamera\zcam_main.cpp">
      <Filter>src\gamez\zCamera</Filter>
    </ClCompile>
    <ClCompile Include="src\gamez\zCamera\zcam_update.cpp">
      <Filter>src\gamez\zCamera</Filter>
    </ClCompile>
    <ClCompile Include="src\gamez\zEntity\body.cpp">
      <Filter>src\gamez\zEntity</Filter>
    </ClCompile>
    <ClCompile Include="src\gamez\zEntity\char_type.cpp">
      <Filter>src\gamez\zEntity</Filter>
    </ClCompile>
    <ClCompile Include="src\gamez\zEntity\ent_main.cpp">
      <Filter>src\gamez\zEntity</Filter>
    </ClCompile>
    <ClCompile Include="src\gamez\zEntity\int_main.cpp">
      <Filter>src\gamez\zEntity</Filter>
    </ClCompile>
    <ClCompile Include="src\gamez\zEntity\int_material.cpp">
      <Filter>src\gamez\zEntity</Filter>
    </ClCompile>
    <ClCompile Include="src\gamez\zEntity\pickup_main.cpp">
      <Filter>src\gamez\zEntity</Filter>
    </ClCompile>
    <ClCompile Include="src\gamez\zFTS\fts_action.cpp">
      <Filter>src\gamez\zFTS</Filter>
    </ClCompile>
    <ClCompile Include="src\gamez\zFTS\fts_controller.cpp">
      <Filter>src\gamez\zFTS</Filter>
    </ClCompile>
    <ClCompile Include="src\gamez\zFTS\fts_main.cpp">
      <Filter>src\gamez\zFTS</Filter>
    </ClCompile>
    <ClCompile Include="src\gamez\zFTS\fts_mission.cpp">
      <Filter>src\gamez\zFTS</Filter>
    </ClCompile>
    <ClCompile Include="src\gamez\zFTS\fts_missioncam.cpp">
      <Filter>src\gamez\zFTS</Filter>
    </ClCompile>
    <ClCompile Include="src\gamez\zFTS\fts_net_bomb.cpp">
      <Filter>src\gamez\zFTS</Filter>
    </ClCompile>
    <ClCompile Include="src\gamez\zFTS\fts_net_game.cpp">
      <Filter>src\gamez\zFTS</Filter>
    </ClCompile>
    <ClCompile Include="src\gamez\zFTS\fts_net_grenade.cpp">
      <Filter>src\gamez\zFTS</Filter>
    </ClCompile>
    <ClCompile Include="src\gamez\zFTS\fts_net_persona.cpp">
      <Filter>src\gamez\zFTS</Filter>
    </ClCompile>
    <ClCompile Include="src\gamez\zFTS\fts_net_seal.cpp">
      <Filter>src\gamez\zFTS</Filter>
    </ClCompile>
    <ClCompile Include="src\gamez\zFTS\fts_objectivecam.cpp">
      <Filter>src\gamez\zFTS</Filter>
    </ClCompile>
    <ClCompile Include="src\gamez\zFTS\fts_player.cpp">
      <Filter>src\gamez\zFTS</Filter>
    </ClCompile>
    <ClCompile Include="src\gamez\zFTS\fts_remote.cpp">
      <Filter>src\gamez\zFTS</Filter>
    </ClCompile>
    <ClCompile Include="src\gamez\zFTS\fts_state.cpp">
      <Filter>src\gamez\zFTS</Filter>
    </ClCompile>
    <ClCompile Include="src\gamez\zGame\game_engine.cpp">
      <Filter>src\gamez\zGame</Filter>
    </ClCompile>
    <ClCompile Include="src\gamez\zGame\game_main.cpp">
      <Filter>src\gamez\zGame</Filter>
    </ClCompile>
    <ClCompile Include="src\gamez\zGame\game_state.cpp">
      <Filter>src\gamez\zGame</Filter>
    </ClCompile>
    <ClCompile Include="src\gamez\zGame\game_tree.cpp">
      <Filter>src\gamez\zGame</Filter>
    </ClCompile>
    <ClCompile Include="src\gamez\zInput\remote_control.cpp">
      <Filter>src\gamez\zInput</Filter>
    </ClCompile>
    <ClCompile Include="src\gamez\zInput\zin_cheats.cpp">
      <Filter>src\gamez\zInput</Filter>
    </ClCompile>
    <ClCompile Include="src\gamez\zInput\zin_main.cpp">
      <Filter>src\gamez\zInput</Filter>
    </ClCompile>
    <ClCompile Include="src\gamez\zMath\zmath_intersect.cpp">
      <Filter>src\gamez\zMath</Filter>
    </ClCompile>
    <ClCompile Include="src\gamez\zMath\zmath_main.cpp">
      <Filter>src\gamez\zMath</Filter>
    </ClCompile>
    <ClCompile Include="src\gamez\zMath\zmath_matrix.cpp">
      <Filter>src\gamez\zMath</Filter>
    </ClCompile>
    <ClCompile Include="src\gamez\zMath\zmath_pnt3d.cpp">
      <Filter>src\gamez\zMath</Filter>
    </ClCompile>
    <ClCompile Include="src\gamez\zMath\zmath_pnt4d.cpp">
      <Filter>src\gamez\zMath</Filter>
    </ClCompile>
    <ClCompile Include="src\gamez\zNetwork\zNetDme.cpp">
      <Filter>src\gamez\zNetwork</Filter>
    </ClCompile>
    <ClCompile Include="src\gamez\zNetwork\zNetMedius.cpp">
      <Filter>src\gamez\zNetwork</Filter>
    </ClCompile>
    <ClCompile Include="src\gamez\zNetwork\zNetVoice.cpp">
      <Filter>src\gamez\zNetwork</Filter>
    </ClCompile>
    <ClCompile Include="src\gamez\zNode\graph_tree.cpp">
      <Filter>src\gamez\zNode</Filter>
    </ClCompile>
    <ClCompile Include="src\gamez\zNode\grid_clutter.cpp">
      <Filter>src\gamez\zNode</Filter>
    </ClCompile>
    <ClCompile Include="src\gamez\zNode\grid_di.cpp">
      <Filter>src\gamez\zNode</Filter>
    </ClCompile>
    <ClCompile Include="src\gamez\zNode\node_assetlib.cpp">
      <Filter>src\gamez\zNode</Filter>
    </ClCompile>
    <ClCompile Include="src\gamez\zNode\node_io.cpp">
      <Filter>src\gamez\zNode</Filter>
    </ClCompile>
    <ClCompile Include="src\gamez\zNode\node_main.cpp">
      <Filter>src\gamez\zNode</Filter>
    </ClCompile>
    <ClCompile Include="src\gamez\zNode\node_saveload.cpp">
      <Filter>src\gamez\zNode</Filter>
    </ClCompile>
    <ClCompile Include="src\gamez\zNode\node_shadow.cpp">
      <Filter>src\gamez\zNode</Filter>
    </ClCompile>
    <ClCompile Include="src\gamez\zNode\node_wave.cpp">
      <Filter>src\gamez\zNode</Filter>
    </ClCompile>
    <ClCompile Include="src\gamez\zNode\node_world.cpp">
      <Filter>src\gamez\zNode</Filter>
    </ClCompile>
    <ClCompile Include="src\gamez\zReader\zrdr_archive.cpp">
      <Filter>src\gamez\zReader</Filter>
    </ClCompile>
    <ClCompile Include="src\gamez\zReader\zrdr_edit.cpp">
      <Filter>src\gamez\zReader</Filter>
    </ClCompile>
    <ClCompile Include="src\gamez\zReader\zrdr_file.cpp">
      <Filter>src\gamez\zReader</Filter>
    </ClCompile>
    <ClCompile Include="src\gamez\zReader\zrdr_main.cpp">
      <Filter>src\gamez\zReader</Filter>
    </ClCompile>
    <ClCompile Include="src\gamez\zReader\zrdr_parse.cpp">
      <Filter>src\gamez\zReader</Filter>
    </ClCompile>
    <ClCompile Include="src\gamez\zRender\particle\zparticle.cpp">
      <Filter>src\gamez\zRender\particle</Filter>
    </ClCompile>
    <ClCompile Include="src\gamez\zRender\particle\zparticle_buf.cpp">
      <Filter>src\gamez\zRender\particle</Filter>
    </ClCompile>
    <ClCompile Include="src\gamez\zRender\particle\zparticle_instance.cpp">
      <Filter>src\gamez\zRender\particle</Filter>
    </ClCompile>
    <ClCompile Include="src\gamez\zRender\particle\zparticle_source.cpp">
      <Filter>src\gamez\zRender\particle</Filter>
    </ClCompile>
    <ClCompile Include="src\gamez\zRender\vis\vis_decal.cpp">
      <Filter>src\gamez\zRender\vis</Filter>
    </ClCompile>
    <ClCompile Include="src\gamez\zRender\vis\vis_main.cpp">
      <Filter>src\gamez\zRender\vis</Filter>
    </ClCompile>
    <ClCompile Include="src\gamez\zRender\vis\vis_mesh.cpp">
      <Filter>src\gamez\zRender\vis</Filter>
    </ClCompile>
    <ClCompile Include="src\gamez\zRender\vis\vis_texfx.cpp">
      <Filter>src\gamez\zRender\vis</Filter>
    </ClCompile>
    <ClCompile Include="src\gamez\zRender\zrndr_directx.cpp">
      <Filter>src\gamez\zRender</Filter>
    </ClCompile>
    <ClCompile Include="src\gamez\zRender\zrndr_main.cpp">
      <Filter>src\gamez\zRender</Filter>
    </ClCompile>
    <ClCompile Include="src\gamez\zRender\zrndr_opengl.cpp">
      <Filter>src\gamez\zRender</Filter>
    </ClCompile>
    <ClCompile Include="src\gamez\zRender\zrndr_pipe.cpp">
      <Filter>src\gamez\zRender</Filter>
    </ClCompile>
    <ClCompile Include="src\gamez\zRender\zrndr_vulkan.cpp">
      <Filter>src\gamez\zRender</Filter>
    </ClCompile>
    <ClCompile Include="src\gamez\zSeal\seal.cpp">
      <Filter>src\gamez\zSeal</Filter>
    </ClCompile>
    <ClCompile Include="src\gamez\zSeal\seal_ai.cpp">
      <Filter>src\gamez\zSeal</Filter>
    </ClCompile>
    <ClCompile Include="src\gamez\zSeal\seal_aievent.cpp">
      <Filter>src\gamez\zSeal</Filter>
    </ClCompile>
    <ClCompile Include="src\gamez\zSeal\seal_aifollow.cpp">
      <Filter>src\gamez\zSeal</Filter>
    </ClCompile>
    <ClCompile Include="src\gamez\zSeal\seal_ailines.cpp">
      <Filter>src\gamez\zSeal</Filter>
    </ClCompile>
    <ClCompile Include="src\gamez\zSeal\seal_aimoves.cpp">
      <Filter>src\gamez\zSeal</Filter>
    </ClCompile>
    <ClCompile Include="src\gamez\zSeal\seal_airesponse.cpp">
      <Filter>src\gamez\zSeal</Filter>
    </ClCompile>
    <ClCompile Include="src\gamez\zSeal\seal_aiscan.cpp">
      <Filter>src\gamez\zSeal</Filter>
    </ClCompile>
    <ClCompile Include="src\gamez\zSeal\seal_aistate.cpp">
      <Filter>src\gamez\zSeal</Filter>
    </ClCompile>
    <ClCompile Include="src\gamez\zSeal\seal_anim.cpp">
      <Filter>src\gamez\zSeal</Filter>
    </ClCompile>
    <ClCompile Include="src\gamez\zSeal\seal_body.cpp">
      <Filter>src\gamez\zSeal</Filter>
    </ClCompile>
    <ClCompile Include="src\gamez\zSeal\seal_cfg.cpp">
      <Filter>src\gamez\zSeal</Filter>
    </ClCompile>
    <ClCompile Include="src\gamez\zSeal\seal_command.cpp">
      <Filter>src\gamez\zSeal</Filter>
    </ClCompile>
    <ClCompile Include="src\gamez\zSeal\seal_control.cpp">
      <Filter>src\gamez\zSeal</Filter>
    </ClCompile>
    <ClCompile Include="src\gamez\zSeal\seal_create.cpp">
      <Filter>src\gamez\zSeal</Filter>
    </ClCompile>
    <ClCompile Include="src\gamez\zSeal\seal_dyn.cpp">
      <Filter>src\gamez\zSeal</Filter>
    </ClCompile>
    <ClCompile Include="src\gamez\zSeal\seal_env.cpp">
      <Filter>src\gamez\zSeal</Filter>
    </ClCompile>
    <ClCompile Include="src\gamez\zSeal\seal_ex.cpp">
      <Filter>src\gamez\zSeal</Filter>
    </ClCompile>
    <ClCompile Include="src\gamez\zSeal\seal_handsig.cpp">
      <Filter>src\gamez\zSeal</Filter>
    </ClCompile>
    <ClCompile Include="src\gamez\zSeal\seal_ik.cpp">
      <Filter>src\gamez\zSeal</Filter>
    </ClCompile>
    <ClCompile Include="src\gamez\zSeal\seal_kit.cpp">
      <Filter>src\gamez\zSeal</Filter>
    </ClCompile>
    <ClCompile Include="src\gamez\zSeal\seal_sensors.cpp">
      <Filter>src\gamez\zSeal</Filter>
    </ClCompile>
    <ClCompile Include="src\gamez\zSeal\seal_squirm.cpp">
      <Filter>src\gamez\zSeal</Filter>
    </ClCompile>
    <ClCompile Include="src\gamez\zSeal\seal_tasks.cpp">
      <Filter>src\gamez\zSeal</Filter>
    </ClCompile>
    <ClCompile Include="src\gamez\zSeal\seal_uint.cpp">
      <Filter>src\gamez\zSeal</Filter>
    </ClCompile>
    <ClCompile Include="src\gamez\zSeal\seal_weapon.cpp">
      <Filter>src\gamez\zSeal</Filter>
    </ClCompile>
    <ClCompile Include="src\gamez\zSound\zsnd_csnd.cpp">
      <Filter>src\gamez\zSound</Filter>
    </ClCompile>
    <ClCompile Include="src\gamez\zSound\zsnd_csndgroup.cpp">
      <Filter>src\gamez\zSound</Filter>
    </ClCompile>
    <ClCompile Include="src\gamez\zSound\zsnd_csndinstance.cpp">
      <Filter>src\gamez\zSound</Filter>
    </ClCompile>
    <ClCompile Include="src\gamez\zSound\zsnd_csndsequence.cpp">
      <Filter>src\gamez\zSound</Filter>
    </ClCompile>
    <ClCompile Include="src\gamez\zSound\zsnd_jukebox.cpp">
      <Filter>src\gamez\zSound</Filter>
    </ClCompile>
    <ClCompile Include="src\gamez\zSystem\zsav_manager.cpp">
      <Filter>src\gamez\zSystem</Filter>
    </ClCompile>
    <ClCompile Include="src\gamez\zSystem\zsys_main.cpp">
      <Filter>src\gamez\zSystem</Filter>
    </ClCompile>
    <ClCompile Include="src\gamez\zSystem\zsys_memory.cpp">
      <Filter>src\gamez\zSystem</Filter>
    </ClCompile>
    <ClCompile Include="src\gamez\zSystem\zsys_sched.cpp">
      <Filter>src\gamez\zSystem</Filter>
    </ClCompile>
    <ClCompile Include="src\gamez\zTexture\ztex_main.cpp">
      <Filter>src\gamez\zTexture</Filter>
    </ClCompile>
    <ClCompile Include="src\gamez\zTexture\ztex_manager.cpp">
      <Filter>src\gamez\zTexture</Filter>
    </ClCompile>
    <ClCompile Include="src\gamez\zTwoD\ztwod_main.cpp">
      <Filter>src\gamez\zTwoD</Filter>
    </ClCompile>
    <ClCompile Include="src\gamez\zUI\c2dstring.cpp">
      <Filter>src\gamez\zUI</Filter>
    </ClCompile>
    <ClCompile Include="src\gamez\zUI\zui.cpp">
      <Filter>src\gamez\zUI</Filter>
    </ClCompile>
    <ClCompile Include="src\gamez\zUI\zui_2d.cpp">
      <Filter>src\gamez\zUI</Filter>
    </ClCompile>
    <ClCompile Include="src\gamez\zUI\zui_cleanup.cpp">
      <Filter>src\gamez\zUI</Filter>
    </ClCompile>
    <ClCompile Include="src\gamez\zUI\zui_spec.cpp">
      <Filter>src\gamez\zUI</Filter>
    </ClCompile>
    <ClCompile Include="src\gamez\zUtil\util_bufio.cpp">
      <Filter>src\gamez\zUtil</Filter>
    </ClCompile>
    <ClCompile Include="src\gamez\zUtil\util_stable.cpp">
      <Filter>src\gamez\zUtil</Filter>
    </ClCompile>
    <ClCompile Include="src\gamez\zUtil\util_systemio.cpp">
      <Filter>src\gamez\zUtil</Filter>
    </ClCompile>
    <ClCompile Include="src\gamez\zValve\valve_list.cpp">
      <Filter>src\gamez\zValve</Filter>
    </ClCompile>
    <ClCompile Include="src\gamez\zValve\valve_main.cpp">
      <Filter>src\gamez\zValve</Filter>
    </ClCompile>
    <ClCompile Include="src\gamez\zVideo\zmpeg.cpp">
      <Filter>src\gamez\zVideo</Filter>
    </ClCompile>
    <ClCompile Include="src\gamez\zVideo\zvid_draw.cpp">
      <Filter>src\gamez\zVideo</Filter>
    </ClCompile>
    <ClCompile Include="src\gamez\zVideo\zvid_main.cpp">
      <Filter>src\gamez\zVideo</Filter>
    </ClCompile>
    <ClCompile Include="src\gamez\zWeapon\zwep_ammo.cpp">
      <Filter>src\gamez\zWeapon</Filter>
    </ClCompile>
    <ClCompile Include="src\gamez\zWeapon\zwep_explosive.cpp">
      <Filter>src\gamez\zWeapon</Filter>
    </ClCompile>
    <ClCompile Include="src\gamez\zWeapon\zwep_global.cpp">
      <Filter>src\gamez\zWeapon</Filter>
    </ClCompile>
    <ClCompile Include="src\gamez\zWeapon\zwep_projectile.cpp">
      <Filter>src\gamez\zWeapon</Filter>
    </ClCompile>
    <ClCompile Include="src\gamez\zWeapon\zwep_weapon.cpp">
      <Filter>src\gamez\zWeapon</Filter>
    </ClCompile>
    <ClCompile Include="vendor\glm\detail\glm.cpp" />
  </ItemGroup>
  <ItemGroup>
    <None Include="vendor\glm\detail\func_common.inl" />
    <None Include="vendor\glm\detail\func_common_simd.inl" />
    <None Include="vendor\glm\detail\func_exponential.inl" />
    <None Include="vendor\glm\detail\func_exponential_simd.inl" />
    <None Include="vendor\glm\detail\func_geometric.inl" />
    <None Include="vendor\glm\detail\func_geometric_simd.inl" />
    <None Include="vendor\glm\detail\func_integer.inl" />
    <None Include="vendor\glm\detail\func_integer_simd.inl" />
    <None Include="vendor\glm\detail\func_matrix.inl" />
    <None Include="vendor\glm\detail\func_matrix_simd.inl" />
    <None Include="vendor\glm\detail\func_packing.inl" />
    <None Include="vendor\glm\detail\func_packing_simd.inl" />
    <None Include="vendor\glm\detail\func_trigonometric.inl" />
    <None Include="vendor\glm\detail\func_trigonometric_simd.inl" />
    <None Include="vendor\glm\detail\func_vector_relational.inl" />
    <None Include="vendor\glm\detail\func_vector_relational_simd.inl" />
    <None Include="vendor\glm\detail\type_half.inl" />
    <None Include="vendor\glm\detail\type_mat2x2.inl" />
    <None Include="vendor\glm\detail\type_mat2x3.inl" />
    <None Include="vendor\glm\detail\type_mat2x4.inl" />
    <None Include="vendor\glm\detail\type_mat3x2.inl" />
    <None Include="vendor\glm\detail\type_mat3x3.inl" />
    <None Include="vendor\glm\detail\type_mat3x4.inl" />
    <None Include="vendor\glm\detail\type_mat4x2.inl" />
    <None Include="vendor\glm\detail\type_mat4x3.inl" />
    <None Include="vendor\glm\detail\type_mat4x4.inl" />
    <None Include="vendor\glm\detail\type_mat4x4_simd.inl" />
    <None Include="vendor\glm\detail\type_quat.inl" />
    <None Include="vendor\glm\detail\type_quat_simd.inl" />
    <None Include="vendor\glm\detail\type_vec1.inl" />
    <None Include="vendor\glm\detail\type_vec2.inl" />
    <None Include="vendor\glm\detail\type_vec3.inl" />
    <None Include="vendor\glm\detail\type_vec4.inl" />
    <None Include="vendor\glm\detail\type_vec4_simd.inl" />
    <None Include="vendor\glm\ext\matrix_clip_space.inl" />
    <None Include="vendor\glm\ext\matrix_common.inl" />
    <None Include="vendor\glm\ext\matrix_integer.inl" />
    <None Include="vendor\glm\ext\matrix_projection.inl" />
    <None Include="vendor\glm\ext\matrix_relational.inl" />
    <None Include="vendor\glm\ext\matrix_transform.inl" />
    <None Include="vendor\glm\ext\quaternion_common.inl" />
    <None Include="vendor\glm\ext\quaternion_common_simd.inl" />
    <None Include="vendor\glm\ext\quaternion_exponential.inl" />
    <None Include="vendor\glm\ext\quaternion_geometric.inl" />
    <None Include="vendor\glm\ext\quaternion_relational.inl" />
    <None Include="vendor\glm\ext\quaternion_transform.inl" />
    <None Include="vendor\glm\ext\quaternion_trigonometric.inl" />
    <None Include="vendor\glm\ext\scalar_common.inl" />
    <None Include="vendor\glm\ext\scalar_constants.inl" />
    <None Include="vendor\glm\ext\scalar_integer.inl" />
    <None Include="vendor\glm\ext\scalar_packing.inl" />
    <None Include="vendor\glm\ext\scalar_reciprocal.inl" />
    <None Include="vendor\glm\ext\scalar_relational.inl" />
    <None Include="vendor\glm\ext\scalar_ulp.inl" />
    <None Include="vendor\glm\ext\vector_common.inl" />
    <None Include="vendor\glm\ext\vector_integer.inl" />
    <None Include="vendor\glm\ext\vector_packing.inl" />
    <None Include="vendor\glm\ext\vector_reciprocal.inl" />
    <None Include="vendor\glm\ext\vector_relational.inl" />
    <None Include="vendor\glm\ext\vector_ulp.inl" />
    <None Include="vendor\glm\gtc\bitfield.inl" />
    <None Include="vendor\glm\gtc\color_space.inl" />
    <None Include="vendor\glm\gtc\constants.inl" />
    <None Include="vendor\glm\gtc\epsilon.inl" />
    <None Include="vendor\glm\gtc\integer.inl" />
    <None Include="vendor\glm\gtc\matrix_access.inl" />
    <None Include="vendor\glm\gtc\matrix_inverse.inl" />
    <None Include="vendor\glm\gtc\matrix_transform.inl" />
    <None Include="vendor\glm\gtc\noise.inl" />
    <None Include="vendor\glm\gtc\packing.inl" />
    <None Include="vendor\glm\gtc\quaternion.inl" />
    <None Include="vendor\glm\gtc\quaternion_simd.inl" />
    <None Include="vendor\glm\gtc\random.inl" />
    <None Include="vendor\glm\gtc\round.inl" />
    <None Include="vendor\glm\gtc\type_precision.inl" />
    <None Include="vendor\glm\gtc\type_ptr.inl" />
    <None Include="vendor\glm\gtc\ulp.inl" />
    <None Include="vendor\glm\gtx\associated_min_max.inl" />
    <None Include="vendor\glm\gtx\bit.inl" />
    <None Include="vendor\glm\gtx\closest_point.inl" />
    <None Include="vendor\glm\gtx\color_encoding.inl" />
    <None Include="vendor\glm\gtx\color_space.inl" />
    <None Include="vendor\glm\gtx\color_space_YCoCg.inl" />
    <None Include="vendor\glm\gtx\common.inl" />
    <None Include="vendor\glm\gtx\compatibility.inl" />
    <None Include="vendor\glm\gtx\component_wise.inl" />
    <None Include="vendor\glm\gtx\dual_quaternion.inl" />
    <None Include="vendor\glm\gtx\easing.inl" />
    <None Include="vendor\glm\gtx\euler_angles.inl" />
    <None Include="vendor\glm\gtx\extend.inl" />
    <None Include="vendor\glm\gtx\extended_min_max.inl" />
    <None Include="vendor\glm\gtx\exterior_product.inl" />
    <None Include="vendor\glm\gtx\fast_exponential.inl" />
    <None Include="vendor\glm\gtx\fast_square_root.inl" />
    <None Include="vendor\glm\gtx\fast_trigonometry.inl" />
    <None Include="vendor\glm\gtx\float_notmalize.inl" />
    <None Include="vendor\glm\gtx\functions.inl" />
    <None Include="vendor\glm\gtx\gradient_paint.inl" />
    <None Include="vendor\glm\gtx\handed_coordinate_space.inl" />
    <None Include="vendor\glm\gtx\hash.inl" />
    <None Include="vendor\glm\gtx\integer.inl" />
    <None Include="vendor\glm\gtx\intersect.inl" />
    <None Include="vendor\glm\gtx\io.inl" />
    <None Include="vendor\glm\gtx\log_base.inl" />
    <None Include="vendor\glm\gtx\matrix_cross_product.inl" />
    <None Include="vendor\glm\gtx\matrix_decompose.inl" />
    <None Include="vendor\glm\gtx\matrix_factorisation.inl" />
    <None Include="vendor\glm\gtx\matrix_interpolation.inl" />
    <None Include="vendor\glm\gtx\matrix_major_storage.inl" />
    <None Include="vendor\glm\gtx\matrix_operation.inl" />
    <None Include="vendor\glm\gtx\matrix_query.inl" />
    <None Include="vendor\glm\gtx\matrix_transform_2d.inl" />
    <None Include="vendor\glm\gtx\mixed_product.inl" />
    <None Include="vendor\glm\gtx\norm.inl" />
    <None Include="vendor\glm\gtx\normal.inl" />
    <None Include="vendor\glm\gtx\normalize_dot.inl" />
    <None Include="vendor\glm\gtx\optimum_pow.inl" />
    <None Include="vendor\glm\gtx\orthonormalize.inl" />
    <None Include="vendor\glm\gtx\pca.inl" />
    <None Include="vendor\glm\gtx\perpendicular.inl" />
    <None Include="vendor\glm\gtx\polar_coordinates.inl" />
    <None Include="vendor\glm\gtx\projection.inl" />
    <None Include="vendor\glm\gtx\quaternion.inl" />
    <None Include="vendor\glm\gtx\raw_data.inl" />
    <None Include="vendor\glm\gtx\rotate_normalized_axis.inl" />
    <None Include="vendor\glm\gtx\rotate_vector.inl" />
    <None Include="vendor\glm\gtx\scalar_relational.inl" />
    <None Include="vendor\glm\gtx\spline.inl" />
    <None Include="vendor\glm\gtx\std_based_type.inl" />
    <None Include="vendor\glm\gtx\string_cast.inl" />
    <None Include="vendor\glm\gtx\texture.inl" />
    <None Include="vendor\glm\gtx\transform.inl" />
    <None Include="vendor\glm\gtx\transform2.inl" />
    <None Include="vendor\glm\gtx\type_aligned.inl" />
    <None Include="vendor\glm\gtx\type_trait.inl" />
    <None Include="vendor\glm\gtx\vector_angle.inl" />
    <None Include="vendor\glm\gtx\vector_query.inl" />
    <None Include="vendor\glm\gtx\wrap.inl" />
  </ItemGroup>
</Project>