<?xml version="1.0" encoding="utf-8"?>
<Project ToolsVersion="4.0" xmlns="http://schemas.microsoft.com/developer/msbuild/2003">
  <ItemGroup>
    <Filter Include="gamez">
      <UniqueIdentifier>{cfdff0f0-f032-43fd-8ec3-ab1ec6b6bb46}</UniqueIdentifier>
    </Filter>
    <Filter Include="data">
      <UniqueIdentifier>{4969e6f5-cb17-44e3-ac96-586f8bf11cbd}</UniqueIdentifier>
    </Filter>
    <Filter Include="data\zrdr">
      <UniqueIdentifier>{7ad57ff5-490c-491c-bbfe-28b390c745d3}</UniqueIdentifier>
    </Filter>
    <Filter Include="fts">
      <UniqueIdentifier>{bebc24b4-2960-47da-aa63-3ea7c42af8d5}</UniqueIdentifier>
    </Filter>
    <Filter Include="gamez\zai">
      <UniqueIdentifier>{cce61c44-81af-4898-bc22-337d89e8ebbb}</UniqueIdentifier>
    </Filter>
    <Filter Include="gamez\zanim">
      <UniqueIdentifier>{29ed54b5-b0d7-4c45-b5a4-db73ef5b62ef}</UniqueIdentifier>
    </Filter>
    <Filter Include="gamez\zarchive">
      <UniqueIdentifier>{D2C6880B-3ED0-887C-C74B-9F7C3354947C}</UniqueIdentifier>
    </Filter>
    <Filter Include="gamez\zassetlib">
      <UniqueIdentifier>{096f7a7e-2ec7-4f73-aa15-67461ab56a3b}</UniqueIdentifier>
    </Filter>
    <Filter Include="gamez\zcamera">
      <UniqueIdentifier>{d7ea3b96-5930-4061-8ddf-91e6a887709d}</UniqueIdentifier>
    </Filter>
    <Filter Include="gamez\zentity">
      <UniqueIdentifier>{C2FD7FFB-AE9F-AAD1-975A-BE25839B3122}</UniqueIdentifier>
    </Filter>
    <Filter Include="gamez\zfts">
      <UniqueIdentifier>{c1f2b799-dee5-4fce-8b82-3f174ff901b8}</UniqueIdentifier>
    </Filter>
    <Filter Include="gamez\zgame">
      <UniqueIdentifier>{5a2a5290-e28c-4259-9645-21d45d2cefff}</UniqueIdentifier>
    </Filter>
    <Filter Include="gamez\zinput">
      <UniqueIdentifier>{8b2f8c64-ee63-4a9c-813e-c8754eee64bd}</UniqueIdentifier>
    </Filter>
    <Filter Include="gamez\zmath">
      <UniqueIdentifier>{CF809A7C-BBB7-9B0D-64A4-811050BA170F}</UniqueIdentifier>
    </Filter>
    <Filter Include="gamez\znetwork">
      <UniqueIdentifier>{26a754cd-bd8f-4846-aced-897c6f006180}</UniqueIdentifier>
    </Filter>
    <Filter Include="gamez\znode">
      <UniqueIdentifier>{AB469B7C-977D-9C0D-406A-82102C80180F}</UniqueIdentifier>
    </Filter>
    <Filter Include="gamez\zreader">
      <UniqueIdentifier>{F8AE2519-E450-50EF-CD0B-6443B94CD73F}</UniqueIdentifier>
    </Filter>
    <Filter Include="gamez\zrender">
      <UniqueIdentifier>{c217a69e-f7fd-47cc-8d67-3ded2b702eed}</UniqueIdentifier>
    </Filter>
    <Filter Include="gamez\zseal">
      <UniqueIdentifier>{1fb3b4c9-d0c4-4d09-b0c7-54952b0a6fc3}</UniqueIdentifier>
    </Filter>
    <Filter Include="gamez\zsound">
      <UniqueIdentifier>{B7281C0F-233D-44C0-ECBE-E71F589240F1}</UniqueIdentifier>
    </Filter>
    <Filter Include="gamez\zsystem">
      <UniqueIdentifier>{8AE4EE1C-7686-19F3-5F41-2D474B82A043}</UniqueIdentifier>
    </Filter>
    <Filter Include="gamez\ztexture">
      <UniqueIdentifier>{8f3c502b-1473-4a58-baec-b6fd823eb593}</UniqueIdentifier>
    </Filter>
    <Filter Include="gamez\zui">
      <UniqueIdentifier>{C3795900-AF05-880B-18B4-880B045F880B}</UniqueIdentifier>
    </Filter>
    <Filter Include="gamez\zutil">
      <UniqueIdentifier>{56c8e899-b38b-4b55-ba00-844aa5191007}</UniqueIdentifier>
    </Filter>
    <Filter Include="gamez\zvalve">
      <UniqueIdentifier>{2184b6f9-27af-4a40-a722-18efd865a437}</UniqueIdentifier>
    </Filter>
    <Filter Include="gamez\zvideo">
      <UniqueIdentifier>{1f70fb2c-f508-42bd-86d6-507ac85b47d3}</UniqueIdentifier>
    </Filter>
    <Filter Include="gamez\zweapon">
      <UniqueIdentifier>{85a767b8-a673-437e-893d-0cbd8cc5cead}</UniqueIdentifier>
    </Filter>
  </ItemGroup>
  <ItemGroup>
    <ClInclude Include="src\gamez\zArchive\zar.h">
      <Filter>gamez\zarchive</Filter>
    </ClInclude>
    <ClInclude Include="src\bsd\strcasecmp.h" />
    <ClInclude Include="src\rt\rtarray.h" />
    <ClInclude Include="src\gamez\zSound\zsnd.h">
      <Filter>gamez\zsound</Filter>
    </ClInclude>
    <ClInclude Include="src\gamez\zSeal\seal.cpp">
      <Filter>gamez\zseal</Filter>
    </ClInclude>
    <ClInclude Include="src\gamez\zVideo\zvid.h">
      <Filter>gamez\zvideo</Filter>
    </ClInclude>
    <ClInclude Include="src\gamez\zAI\zai.h">
      <Filter>gamez\zai</Filter>
    </ClInclude>
    <ClInclude Include="src\gamez\zReader\zrdr_local.h">
      <Filter>gamez\zreader</Filter>
    </ClInclude>
    <ClInclude Include="src\gamez\zReader\zrdr.h">
      <Filter>gamez\zreader</Filter>
    </ClInclude>
    <ClInclude Include="src\gamez\zWeapon\zwep_weapon.h">
      <Filter>gamez\zweapon</Filter>
    </ClInclude>
    <ClInclude Include="src\gamez\zWeapon\zwep_ammo.h">
      <Filter>gamez\zweapon</Filter>
    </ClInclude>
    <ClInclude Include="src\util\util_main.h">
      <Filter>gamez\zutil</Filter>
    </ClInclude>
    <ClInclude Include="src\util\util_stable.h">
      <Filter>gamez\zutil</Filter>
    </ClInclude>
    <ClInclude Include="src\gamez\zUtil\util_stable.h">
      <Filter>gamez\zutil</Filter>
    </ClInclude>
    <ClInclude Include="src\gamez\zUtil\util_systemio.h">
      <Filter>gamez\zutil</Filter>
    </ClInclude>
    <ClInclude Include="src\gamez\zMath\zmath.h">
      <Filter>gamez\zmath</Filter>
    </ClInclude>
    <ClInclude Include="src\gamez\zMath\zmath_bits.h">
      <Filter>gamez\zmath</Filter>
    </ClInclude>
    <ClInclude Include="src\gamez\zAnim\zanim.h">
      <Filter>gamez\zanim</Filter>
    </ClInclude>
    <ClInclude Include="src\gamez\zNode\znode.h">
      <Filter>gamez\znode</Filter>
    </ClInclude>
    <ClInclude Include="src\gamez\zNetwork\znet.h">
      <Filter>gamez\znetwork</Filter>
    </ClInclude>
    <ClInclude Include="src\gamez\zRender\particle\zparticle.h">
      <Filter>gamez\zrender</Filter>
    </ClInclude>
    <ClInclude Include="src\gamez\zRender\zrender.h">
      <Filter>gamez\zrender</Filter>
    </ClInclude>
    <ClInclude Include="src\gamez\zCamera\zcam.h">
      <Filter>gamez\zcamera</Filter>
    </ClInclude>
    <ClInclude Include="src\gamez\zFTS\fts_state.h">
      <Filter>gamez\zfts</Filter>
    </ClInclude>
    <ClInclude Include="src\gamez\zTexture\ztex.h">
      <Filter>gamez\ztexture</Filter>
    </ClInclude>
    <ClInclude Include="src\gamez\zInput\zinput.h">
      <Filter>gamez\zinput</Filter>
    </ClInclude>
    <ClInclude Include="src\Apps\FTS\hud.h">
      <Filter>fts</Filter>
    </ClInclude>
    <ClInclude Include="src\gamez\zNode\node_world.h">
      <Filter>gamez\znode</Filter>
    </ClInclude>
    <ClInclude Include="src\gamez\zAssetLib\zassetlib.h">
      <Filter>gamez\zassetlib</Filter>
    </ClInclude>
    <ClInclude Include="src\gamez\zEntity\zentity.h">
      <Filter>gamez\zentity</Filter>
    </ClInclude>
    <ClInclude Include="src\gamez\zSeal\zseal.h">
      <Filter>gamez\zseal</Filter>
    </ClInclude>
    <ClInclude Include="src\gamez\zUI\zui.h">
      <Filter>gamez\zui</Filter>
    </ClInclude>
    <ClInclude Include="src\gamez\zUtil\zutil.h">
      <Filter>gamez\zutil</Filter>
    </ClInclude>
    <ClInclude Include="src\gamez\zValve\zvalve.h">
      <Filter>gamez\zvalve</Filter>
    </ClInclude>
    <ClInclude Include="src\gamez\zRender\vis\zvis.h">
      <Filter>gamez\zrender</Filter>
    </ClInclude>
    <ClInclude Include="src\gamez\zSystem\zsys.h">
      <Filter>gamez\zsystem</Filter>
    </ClInclude>
    <ClInclude Include="src\gamez\zGame\zgame.h">
      <Filter>gamez\zgame</Filter>
    </ClInclude>
    <ClInclude Include="src\gamez\zFTS\zfts.h">
      <Filter>gamez\zfts</Filter>
    </ClInclude>
    <ClInclude Include="src\gamez\zEntity\intersect.h">
      <Filter>gamez\znode</Filter>
    </ClInclude>
    <ClInclude Include="src\gamez\zEntity\body.cpp">
      <Filter>gamez\zentity</Filter>
    </ClInclude>
    <ClInclude Include="src\gamez\zEntity\body.h">
      <Filter>gamez\zentity</Filter>
    </ClInclude>
    <ClInclude Include="src\gamez\zEntity\vehicle.h">
      <Filter>gamez\zentity</Filter>
    </ClInclude>
  </ItemGroup>
  <ItemGroup>
    <ClCompile Include="src\gamez\zEntity\ent_main.cpp">
      <Filter>gamez\zentity</Filter>
    </ClCompile>
    <ClCompile Include="src\gamez\zNode\node_assetlib.cpp">
      <Filter>gamez\znode</Filter>
    </ClCompile>
    <ClCompile Include="src\gamez\zNode\node_io.cpp">
      <Filter>gamez\znode</Filter>
    </ClCompile>
    <ClCompile Include="src\gamez\zNode\node_main.cpp">
      <Filter>gamez\znode</Filter>
    </ClCompile>
    <ClCompile Include="src\gamez\zNode\node_saveload.cpp">
      <Filter>gamez\znode</Filter>
    </ClCompile>
    <ClCompile Include="src\gamez\zNode\node_shadow.cpp">
      <Filter>gamez\znode</Filter>
    </ClCompile>
    <ClCompile Include="src\gamez\zNode\node_world.cpp">
      <Filter>gamez\znode</Filter>
    </ClCompile>
    <ClCompile Include="src\gamez\zArchive\zar_main.cpp">
      <Filter>gamez\zarchive</Filter>
    </ClCompile>
    <ClCompile Include="src\gamez\zArchive\zar_search.cpp">
      <Filter>gamez\zarchive</Filter>
    </ClCompile>
    <ClCompile Include="src\gamez\zAnim\anim.cpp">
      <Filter>gamez\zanim</Filter>
    </ClCompile>
    <ClCompile Include="src\gamez\zAnim\anim_main.cpp">
      <Filter>gamez\zanim</Filter>
    </ClCompile>
    <ClCompile Include="src\gamez\zGame\game_engine.cpp">
      <Filter>gamez</Filter>
    </ClCompile>
    <ClCompile Include="src\gamez\zGame\game_main.cpp">
      <Filter>gamez</Filter>
    </ClCompile>
    <ClCompile Include="src\gamez\zGame\game_state.cpp">
      <Filter>gamez</Filter>
    </ClCompile>
    <ClCompile Include="src\gamez\zGame\game_tree.cpp">
      <Filter>gamez</Filter>
    </ClCompile>
    <ClCompile Include="src\gamez\zCamera\camera.cpp">
      <Filter>gamez\zcamera</Filter>
    </ClCompile>
    <ClCompile Include="src\gamez\zSound\zsnd_csnd.cpp">
      <Filter>gamez\zsound</Filter>
    </ClCompile>
    <ClCompile Include="src\gamez\zSound\zsnd_csndgroup.cpp">
      <Filter>gamez\zsound</Filter>
    </ClCompile>
    <ClCompile Include="src\gamez\zSound\zsnd_csndinstance.cpp">
      <Filter>gamez\zsound</Filter>
    </ClCompile>
    <ClCompile Include="src\gamez\zSound\zsnd_csndsequence.cpp">
      <Filter>gamez\zsound</Filter>
    </ClCompile>
    <ClCompile Include="src\gamez\zSound\zsnd_jukebox.cpp">
      <Filter>gamez\zsound</Filter>
    </ClCompile>
    <ClCompile Include="src\gamez\zSeal\seal_ai.cpp">
      <Filter>gamez\zseal</Filter>
    </ClCompile>
    <ClCompile Include="src\gamez\zSeal\seal_aievent.cpp">
      <Filter>gamez\zseal</Filter>
    </ClCompile>
    <ClCompile Include="src\gamez\zSeal\seal_aifollow.cpp">
      <Filter>gamez\zseal</Filter>
    </ClCompile>
    <ClCompile Include="src\gamez\zSeal\seal_ailines.cpp">
      <Filter>gamez\zseal</Filter>
    </ClCompile>
    <ClCompile Include="src\gamez\zSeal\seal_aimoves.cpp">
      <Filter>gamez\zseal</Filter>
    </ClCompile>
    <ClCompile Include="src\gamez\zSeal\seal_airesponse.cpp">
      <Filter>gamez\zseal</Filter>
    </ClCompile>
    <ClCompile Include="src\gamez\zSeal\seal_aiscan.cpp">
      <Filter>gamez\zseal</Filter>
    </ClCompile>
    <ClCompile Include="src\gamez\zSeal\seal_aistate.cpp">
      <Filter>gamez\zseal</Filter>
    </ClCompile>
    <ClCompile Include="src\gamez\zSeal\seal_anim.cpp">
      <Filter>gamez\zseal</Filter>
    </ClCompile>
    <ClCompile Include="src\gamez\zSeal\seal_body.cpp">
      <Filter>gamez\zseal</Filter>
    </ClCompile>
    <ClCompile Include="src\gamez\zSeal\seal_cfg.cpp">
      <Filter>gamez\zseal</Filter>
    </ClCompile>
    <ClCompile Include="src\gamez\zSeal\seal_command.cpp">
      <Filter>gamez\zseal</Filter>
    </ClCompile>
    <ClCompile Include="src\gamez\zSeal\seal_control.cpp">
      <Filter>gamez\zseal</Filter>
    </ClCompile>
    <ClCompile Include="src\gamez\zSeal\seal_create.cpp">
      <Filter>gamez\zseal</Filter>
    </ClCompile>
    <ClCompile Include="src\gamez\zSeal\seal_dyn.cpp">
      <Filter>gamez\zseal</Filter>
    </ClCompile>
    <ClCompile Include="src\gamez\zSeal\seal_env.cpp">
      <Filter>gamez\zseal</Filter>
    </ClCompile>
    <ClCompile Include="src\gamez\zSeal\seal_ex.cpp">
      <Filter>gamez\zseal</Filter>
    </ClCompile>
    <ClCompile Include="src\gamez\zSeal\seal_handsig.cpp">
      <Filter>gamez\zseal</Filter>
    </ClCompile>
    <ClCompile Include="src\gamez\zSeal\seal_ik.cpp">
      <Filter>gamez\zseal</Filter>
    </ClCompile>
    <ClCompile Include="src\gamez\zSeal\seal_kit.cpp">
      <Filter>gamez\zseal</Filter>
    </ClCompile>
    <ClCompile Include="src\gamez\zSeal\seal_sensors.cpp">
      <Filter>gamez\zseal</Filter>
    </ClCompile>
    <ClCompile Include="src\gamez\zSeal\seal_squirm.cpp">
      <Filter>gamez\zseal</Filter>
    </ClCompile>
    <ClCompile Include="src\gamez\zSeal\seal_tasks.cpp">
      <Filter>gamez\zseal</Filter>
    </ClCompile>
    <ClCompile Include="src\gamez\zSeal\seal_uint.cpp">
      <Filter>gamez\zseal</Filter>
    </ClCompile>
    <ClCompile Include="src\gamez\zSeal\seal_weapon.cpp">
      <Filter>gamez\zseal</Filter>
    </ClCompile>
    <ClCompile Include="src\gamez\zVideo\zvid_draw.cpp">
      <Filter>gamez\zvideo</Filter>
    </ClCompile>
    <ClCompile Include="src\gamez\zVideo\zvid_main.cpp">
      <Filter>gamez\zvideo</Filter>
    </ClCompile>
    <ClCompile Include="src\Apps\FTS\st_core.cpp">
      <Filter>fts</Filter>
    </ClCompile>
    <ClCompile Include="src\Apps\FTS\st_exit.cpp">
      <Filter>fts</Filter>
    </ClCompile>
    <ClCompile Include="src\Apps\FTS\st_load.cpp">
      <Filter>fts</Filter>
    </ClCompile>
    <ClCompile Include="src\Apps\FTS\st_menu.cpp">
      <Filter>fts</Filter>
    </ClCompile>
    <ClCompile Include="src\Apps\FTS\st_mpexit.cpp">
      <Filter>fts</Filter>
    </ClCompile>
    <ClCompile Include="src\gamez\zAI\ai_astar.cpp">
      <Filter>gamez\zai</Filter>
    </ClCompile>
    <ClCompile Include="src\gamez\zAI\ai_events.cpp">
      <Filter>gamez\zai</Filter>
    </ClCompile>
    <ClCompile Include="src\gamez\zAI\ai_main.cpp">
      <Filter>gamez\zai</Filter>
    </ClCompile>
    <ClCompile Include="src\gamez\zAI\ai_map.cpp">
      <Filter>gamez\zai</Filter>
    </ClCompile>
    <ClCompile Include="src\gamez\zAI\ai_mapio.cpp">
      <Filter>gamez\zai</Filter>
    </ClCompile>
    <ClCompile Include="src\gamez\zAI\ai_maps.cpp">
      <Filter>gamez\zai</Filter>
    </ClCompile>
    <ClCompile Include="src\gamez\zAI\ai_path.cpp">
      <Filter>gamez\zai</Filter>
    </ClCompile>
    <ClCompile Include="src\gamez\zAI\ai_vismap.cpp">
      <Filter>gamez\zai</Filter>
    </ClCompile>
    <ClCompile Include="src\gamez\zReader\zrdr_parse.cpp">
      <Filter>gamez\zreader</Filter>
    </ClCompile>
    <ClCompile Include="src\gamez\zReader\zrdr_archive.cpp">
      <Filter>gamez\zreader</Filter>
    </ClCompile>
    <ClCompile Include="src\gamez\zReader\zrdr_edit.cpp">
      <Filter>gamez\zreader</Filter>
    </ClCompile>
    <ClCompile Include="src\gamez\zReader\zrdr_file.cpp">
      <Filter>gamez\zreader</Filter>
    </ClCompile>
    <ClCompile Include="src\gamez\zReader\zrdr_main.cpp">
      <Filter>gamez\zreader</Filter>
    </ClCompile>
    <ClCompile Include="src\gamez\zWeapon\zwep_ammo.cpp">
      <Filter>gamez\zweapon</Filter>
    </ClCompile>
    <ClCompile Include="src\gamez\zWeapon\zwep_explosive.cpp">
      <Filter>gamez\zweapon</Filter>
    </ClCompile>
    <ClCompile Include="src\gamez\zWeapon\zwep_global.cpp">
      <Filter>gamez\zweapon</Filter>
    </ClCompile>
    <ClCompile Include="src\gamez\zWeapon\zwep_projectile.cpp">
      <Filter>gamez\zweapon</Filter>
    </ClCompile>
    <ClCompile Include="src\gamez\zWeapon\zwep_weapon.cpp">
      <Filter>gamez\zweapon</Filter>
    </ClCompile>
    <ClCompile Include="src\util\util_main.cpp">
      <Filter>gamez\zutil</Filter>
    </ClCompile>
    <ClCompile Include="src\gamez\zUtil\util_main.cpp">
      <Filter>gamez\zutil</Filter>
    </ClCompile>
    <ClCompile Include="src\util\util_stable.cpp">
      <Filter>gamez\zutil</Filter>
    </ClCompile>
    <ClCompile Include="src\gamez\zUtil\util_stable.cpp">
      <Filter>gamez\zutil</Filter>
    </ClCompile>
    <ClCompile Include="src\gamez\zUtil\util_systemio.cpp">
      <Filter>gamez\zutil</Filter>
    </ClCompile>
    <ClCompile Include="src\gamez\zMath\zmath_pnt4d.cpp">
      <Filter>gamez\zmath</Filter>
    </ClCompile>
    <ClCompile Include="src\gamez\zMath\zmath_intersect.cpp">
      <Filter>gamez\zmath</Filter>
    </ClCompile>
    <ClCompile Include="src\gamez\zMath\zmath_main.cpp">
      <Filter>gamez\zmath</Filter>
    </ClCompile>
    <ClCompile Include="src\gamez\zMath\zmath_matrix.cpp">
      <Filter>gamez\zmath</Filter>
    </ClCompile>
    <ClCompile Include="src\gamez\zMath\zmath_pnt3d.cpp">
      <Filter>gamez\zmath</Filter>
    </ClCompile>
    <ClCompile Include="src\gamez\zAnim\zanim_anim.cpp">
      <Filter>gamez\zanim</Filter>
    </ClCompile>
    <ClCompile Include="src\gamez\zAnim\zanim_cmd_parse.cpp">
      <Filter>gamez\zanim</Filter>
    </ClCompile>
    <ClCompile Include="src\gamez\zAnim\zanim_cmd_tick.cpp">
      <Filter>gamez\zanim</Filter>
    </ClCompile>
    <ClCompile Include="src\gamez\zAnim\zanim_menu.cpp">
      <Filter>gamez\zanim</Filter>
    </ClCompile>
    <ClCompile Include="src\gamez\zNetwork\zNetVoice.cpp">
      <Filter>gamez\znetwork</Filter>
    </ClCompile>
    <ClCompile Include="src\gamez\zNetwork\zNetDme.cpp">
      <Filter>gamez\znetwork</Filter>
    </ClCompile>
    <ClCompile Include="src\gamez\zNetwork\zNetMedius.cpp">
      <Filter>gamez\znetwork</Filter>
    </ClCompile>
    <ClCompile Include="src\gamez\zVideo\zmpeg.cpp">
      <Filter>gamez\zvideo</Filter>
    </ClCompile>
    <ClCompile Include="src\gamez\zRender\particle\zparticle.cpp">
      <Filter>gamez\zrender</Filter>
    </ClCompile>
    <ClCompile Include="src\gamez\zRender\particle\zparticle_buf.cpp">
      <Filter>gamez\zrender</Filter>
    </ClCompile>
    <ClCompile Include="src\gamez\zRender\particle\zparticle_instance.cpp">
      <Filter>gamez\zrender</Filter>
    </ClCompile>
    <ClCompile Include="src\gamez\zRender\particle\zparticle_source.cpp">
      <Filter>gamez\zrender</Filter>
    </ClCompile>
    <ClCompile Include="src\gamez\zRender\zrndr_main.cpp">
      <Filter>gamez\zrender</Filter>
    </ClCompile>
    <ClCompile Include="src\gamez\zRender\zrndr_pipe.cpp">
      <Filter>gamez\zrender</Filter>
    </ClCompile>
    <ClCompile Include="src\gamez\zCamera\zcam_main.cpp">
      <Filter>gamez\zcamera</Filter>
    </ClCompile>
    <ClCompile Include="src\gamez\zCamera\zcam_update.cpp">
      <Filter>gamez\zcamera</Filter>
    </ClCompile>
    <ClCompile Include="src\gamez\zFTS\fts_action.cpp">
      <Filter>gamez\zfts</Filter>
    </ClCompile>
    <ClCompile Include="src\gamez\zFTS\fts_controller.cpp">
      <Filter>gamez\zfts</Filter>
    </ClCompile>
    <ClCompile Include="src\gamez\zFTS\fts_main.cpp">
      <Filter>gamez\zfts</Filter>
    </ClCompile>
    <ClCompile Include="src\gamez\zFTS\fts_mission.cpp">
      <Filter>gamez\zfts</Filter>
    </ClCompile>
    <ClCompile Include="src\gamez\zFTS\fts_missioncam.cpp">
      <Filter>gamez\zfts</Filter>
    </ClCompile>
    <ClCompile Include="src\gamez\zFTS\fts_net_bomb.cpp">
      <Filter>gamez\zfts</Filter>
    </ClCompile>
    <ClCompile Include="src\gamez\zFTS\fts_net_game.cpp">
      <Filter>gamez\zfts</Filter>
    </ClCompile>
    <ClCompile Include="src\gamez\zFTS\fts_net_grenade.cpp">
      <Filter>gamez\zfts</Filter>
    </ClCompile>
    <ClCompile Include="src\gamez\zFTS\fts_net_persona.cpp">
      <Filter>gamez\zfts</Filter>
    </ClCompile>
    <ClCompile Include="src\gamez\zFTS\fts_net_seal.cpp">
      <Filter>gamez\zfts</Filter>
    </ClCompile>
    <ClCompile Include="src\gamez\zFTS\fts_objectivecam.cpp">
      <Filter>gamez\zfts</Filter>
    </ClCompile>
    <ClCompile Include="src\gamez\zFTS\fts_player.cpp">
      <Filter>gamez\zfts</Filter>
    </ClCompile>
    <ClCompile Include="src\gamez\zFTS\fts_remote.cpp">
      <Filter>gamez\zfts</Filter>
    </ClCompile>
    <ClCompile Include="src\gamez\zFTS\fts_state.cpp">
      <Filter>gamez\zfts</Filter>
    </ClCompile>
    <ClCompile Include="src\gamez\zValve\valve_list.cpp">
      <Filter>gamez\zvalve</Filter>
    </ClCompile>
    <ClCompile Include="src\gamez\zValve\valve_main.cpp">
      <Filter>gamez\zvalve</Filter>
    </ClCompile>
    <ClCompile Include="src\gamez\zTexture\ztex_main.cpp">
      <Filter>gamez\ztexture</Filter>
    </ClCompile>
    <ClCompile Include="src\gamez\zTexture\ztex_manager.cpp">
      <Filter>gamez\ztexture</Filter>
    </ClCompile>
    <ClCompile Include="src\gamez\zInput\zin_cheats.cpp">
      <Filter>gamez\zinput</Filter>
    </ClCompile>
    <ClCompile Include="src\gamez\zInput\zin_main.cpp">
      <Filter>gamez\zinput</Filter>
    </ClCompile>
    <ClCompile Include="src\gamez\zRender\vis\vis_decal.cpp">
      <Filter>gamez\zrender</Filter>
    </ClCompile>
    <ClCompile Include="src\gamez\zRender\vis\vis_main.cpp">
      <Filter>gamez\zrender</Filter>
    </ClCompile>
    <ClCompile Include="src\gamez\zRender\vis\vis_texfx.cpp">
      <Filter>gamez\zrender</Filter>
    </ClCompile>
    <ClCompile Include="src\Apps\FTS\hud_actionbitmap.cpp">
      <Filter>fts</Filter>
    </ClCompile>
    <ClCompile Include="src\Apps\FTS\hud_bitmapreticule.cpp">
      <Filter>fts</Filter>
    </ClCompile>
    <ClCompile Include="src\Apps\FTS\hud_bombmapitem.cpp">
      <Filter>fts</Filter>
    </ClCompile>
    <ClCompile Include="src\Apps\FTS\hud_claymoremapitem.cpp">
      <Filter>fts</Filter>
    </ClCompile>
    <ClCompile Include="src\Apps\FTS\hud_devtext.cpp">
      <Filter>fts</Filter>
    </ClCompile>
    <ClCompile Include="src\Apps\FTS\hud_fader.cpp">
      <Filter>fts</Filter>
    </ClCompile>
    <ClCompile Include="src\Apps\FTS\hud_ingame_weaponsel.cpp">
      <Filter>fts</Filter>
    </ClCompile>
    <ClCompile Include="src\Apps\FTS\hud_lensflare.cpp">
      <Filter>fts</Filter>
    </ClCompile>
    <ClCompile Include="src\Apps\FTS\hud_letterbox.cpp">
      <Filter>fts</Filter>
    </ClCompile>
    <ClCompile Include="src\Apps\FTS\hud_linemap.cpp">
      <Filter>fts</Filter>
    </ClCompile>
    <ClCompile Include="src\Apps\FTS\hud_main.cpp">
      <Filter>fts</Filter>
    </ClCompile>
    <ClCompile Include="src\Apps\FTS\hud_mapcompass.cpp">
      <Filter>fts</Filter>
    </ClCompile>
    <ClCompile Include="src\Apps\FTS\hud_missioncams.cpp">
      <Filter>fts</Filter>
    </ClCompile>
    <ClCompile Include="src\Apps\FTS\hud_newhudmap.cpp">
      <Filter>fts</Filter>
    </ClCompile>
    <ClCompile Include="src\Apps\FTS\hud_objectives.cpp">
      <Filter>fts</Filter>
    </ClCompile>
    <ClCompile Include="src\Apps\FTS\hud_pausemenu.cpp">
      <Filter>fts</Filter>
    </ClCompile>
    <ClCompile Include="src\Apps\FTS\hud_playermapitem.cpp">
      <Filter>fts</Filter>
    </ClCompile>
    <ClCompile Include="src\Apps\FTS\hud_posebitmap.cpp">
      <Filter>fts</Filter>
    </ClCompile>
    <ClCompile Include="src\Apps\FTS\hud_scorepopup.cpp">
      <Filter>fts</Filter>
    </ClCompile>
    <ClCompile Include="src\Apps\FTS\hud_teammatenames.cpp">
      <Filter>fts</Filter>
    </ClCompile>
    <ClCompile Include="src\Apps\FTS\hud_teamnames.cpp">
      <Filter>fts</Filter>
    </ClCompile>
    <ClCompile Include="src\Apps\FTS\hud_weaponsel.cpp">
      <Filter>fts</Filter>
    </ClCompile>
    <ClCompile Include="src\Apps\FTS\main.cpp">
      <Filter>fts</Filter>
    </ClCompile>
    <ClCompile Include="src\gamez\zNode\node_wave.cpp">
      <Filter>gamez\znode</Filter>
    </ClCompile>
    <ClCompile Include="src\Apps\FTS\database.cpp">
      <Filter>fts</Filter>
    </ClCompile>
    <ClCompile Include="src\Apps\FTS\thezoom.cpp">
      <Filter>fts</Filter>
    </ClCompile>
    <ClCompile Include="src\gamez\zUI\zui_2d.cpp">
      <Filter>gamez\zui</Filter>
    </ClCompile>
    <ClCompile Include="src\gamez\zUI\zui_cleanup.cpp">
      <Filter>gamez\zui</Filter>
    </ClCompile>
    <ClCompile Include="src\gamez\zUI\zui_spec.cpp">
      <Filter>gamez\zui</Filter>
    </ClCompile>
    <ClCompile Include="src\gamez\zUI\zui.cpp">
      <Filter>gamez\zui</Filter>
    </ClCompile>
    <ClCompile Include="src\Apps\FTS\getopt.cpp">
      <Filter>fts</Filter>
    </ClCompile>
    <ClCompile Include="src\gamez\zCamera\fov.cpp">
      <Filter>gamez\zcamera</Filter>
    </ClCompile>
    <ClCompile Include="src\gamez\zSystem\zsys_memory.cpp">
      <Filter>gamez\zsystem</Filter>
    </ClCompile>
    <ClCompile Include="src\gamez\zSystem\zsys_sched.cpp">
      <Filter>gamez\zsystem</Filter>
    </ClCompile>
    <ClCompile Include="src\gamez\zEntity\int_main.cpp">
      <Filter>gamez\znode</Filter>
    </ClCompile>
    <ClCompile Include="src\gamez\zEntity\int_material.cpp">
      <Filter>gamez\znode</Filter>
    </ClCompile>
    <ClCompile Include="src\gamez\zUI\c2dstring.cpp">
      <Filter>gamez\zui</Filter>
    </ClCompile>
    <ClCompile Include="src\Apps\FTS\orders.cpp">
      <Filter>fts</Filter>
    </ClCompile>
    <ClCompile Include="src\Apps\FTS\options.cpp">
      <Filter>fts</Filter>
    </ClCompile>
    <ClCompile Include="src\Apps\FTS\reco.cpp">
      <Filter>fts</Filter>
    </ClCompile>
    <ClCompile Include="src\gamez\zInput\remote_control.cpp">
      <Filter>fts</Filter>
    </ClCompile>
    <ClCompile Include="src\gamez\zSystem\zsav_manager.cpp">
      <Filter>gamez\zsystem</Filter>
    </ClCompile>
    <ClCompile Include="src\gamez\zEntity\pickup_main.cpp">
      <Filter>gamez\zentity</Filter>
    </ClCompile>
    <ClCompile Include="src\gamez\zEntity\char_type.cpp">
      <Filter>gamez\zentity</Filter>
    </ClCompile>
    <ClCompile Include="src\gamez\zNode\graph_tree.cpp">
      <Filter>gamez\zentity</Filter>
    </ClCompile>
    <ClCompile Include="src\gamez\zNode\grid_clutter.cpp">
      <Filter>gamez\zentity</Filter>
    </ClCompile>
    <ClCompile Include="src\gamez\zNode\grid_di.cpp">
      <Filter>gamez\zentity</Filter>
    </ClCompile>
    <ClCompile Include="src\gamez\zRender\zrndr_opengl.cpp">
      <Filter>gamez\zrender</Filter>
    </ClCompile>
    <ClCompile Include="src\gamez\zRender\zrndr_directx.cpp">
      <Filter>gamez\zrender</Filter>
    </ClCompile>
    <ClCompile Include="src\gamez\zRender\zrndr_vulkan.cpp">
      <Filter>gamez\zrender</Filter>
    </ClCompile>
    <ClCompile Include="src\gamez\zRender\vis\vis_mesh.cpp" />
  </ItemGroup>
  <ItemGroup>
    <None Include="data\zrdr\global_valves.rdr">
      <Filter>data\zrdr</Filter>
    </None>
    <None Include="data\zrdr\dynamics.rdr">
      <Filter>data\zrdr</Filter>
    </None>
    <None Include="data\zrdr\vehicles.rdr">
      <Filter>data\zrdr</Filter>
    </None>
    <None Include="data\zrdr\sndjukeboxm.rdr">
      <Filter>data\zrdr</Filter>
    </None>
    <None Include="data\zrdr\mission.rdr">
      <Filter>data\zrdr</Filter>
    </None>
  </ItemGroup>
</Project>