<?xml version="1.0" encoding="utf-8"?>
<Project ToolsVersion="4.0" xmlns="http://schemas.microsoft.com/developer/msbuild/2003">
  <ItemGroup>
    <Filter Include="ai">
      <UniqueIdentifier>{2F775900-1B03-880B-84B1-880B705C880B}</UniqueIdentifier>
    </Filter>
    <Filter Include="audio">
      <UniqueIdentifier>{B7281C0F-233D-44C0-ECBE-E71F589240F1}</UniqueIdentifier>
    </Filter>
    <Filter Include="entity">
      <UniqueIdentifier>{C2FD7FFB-AE9F-AAD1-975A-BE25839B3122}</UniqueIdentifier>
    </Filter>
    <Filter Include="math">
      <UniqueIdentifier>{CF809A7C-BBB7-9B0D-64A4-811050BA170F}</UniqueIdentifier>
    </Filter>
    <Filter Include="node">
      <UniqueIdentifier>{AB469B7C-977D-9C0D-406A-82102C80180F}</UniqueIdentifier>
    </Filter>
    <Filter Include="reader">
      <UniqueIdentifier>{F8AE2519-E450-50EF-CD0B-6443B94CD73F}</UniqueIdentifier>
    </Filter>
    <Filter Include="system">
      <UniqueIdentifier>{8AE4EE1C-7686-19F3-5F41-2D474B82A043}</UniqueIdentifier>
    </Filter>
    <Filter Include="ui">
      <UniqueIdentifier>{C3795900-AF05-880B-18B4-880B045F880B}</UniqueIdentifier>
    </Filter>
    <Filter Include="zar">
      <UniqueIdentifier>{D2C6880B-3ED0-887C-C74B-9F7C3354947C}</UniqueIdentifier>
    </Filter>
    <Filter Include="texture">
      <UniqueIdentifier>{8f3c502b-1473-4a58-baec-b6fd823eb593}</UniqueIdentifier>
    </Filter>
  </ItemGroup>
  <ItemGroup>
    <ClInclude Include="src\Apps\FTS\ai_main.h">
      <Filter>ai</Filter>
    </ClInclude>
    <ClInclude Include="src\gamez\zArchive\zar.h">
      <Filter>zar</Filter>
    </ClInclude>
    <ClInclude Include="src\util\util_stable.h" />
    <ClInclude Include="src\gamez\zSeal\seal.cpp" />
    <ClInclude Include="src\gamez\zValve\zvalve.h" />
    <ClInclude Include="src\gamez\zAnim\zanim.h" />
    <ClInclude Include="src\gamez\zNode\node_world.h" />
    <ClInclude Include="src\util\util_main.h" />
    <ClInclude Include="src\gamez\zInput\zinput.h" />
    <ClInclude Include="src\Apps\FTS\vehicle_main.h" />
    <ClInclude Include="src\gamez\zEntity\body.cpp" />
    <ClInclude Include="src\gamez\zEntity\body.h" />
    <ClInclude Include="src\gamez\zSound\zsnd.h" />
    <ClInclude Include="src\gamez\zMath\zmath_bits.h" />
    <ClInclude Include="src\gamez\zMath\zmath.h" />
    <ClInclude Include="src\gamez\zNetwork\znet.h" />
    <ClInclude Include="src\gamez\zReader\zrdr_local.h" />
    <ClInclude Include="src\gamez\zReader\zrdr.h" />
    <ClInclude Include="src\gamez\zRender\zrndr_main.h" />
    <ClInclude Include="src\gamez\zSystem\zsys.h" />
    <ClInclude Include="src\gamez\zTexture\ztex.h" />
    <ClInclude Include="src\gamez\zUI\zui.h" />
    <ClInclude Include="src\gamez\zVideo\zvid.h" />
    <ClInclude Include="src\Apps\FTS\fts.h" />
    <ClInclude Include="src\gamez\zGame\zgame.h" />
    <ClInclude Include="src\gamez\zWeapon\zwep_weapon.h" />
    <ClInclude Include="src\gamez\zWeapon\zwep_ammo.h" />
    <ClInclude Include="src\gamez\zUtil\zutil.h" />
    <ClInclude Include="src\gamez\zUtil\util_stable.h" />
    <ClInclude Include="src\bsd\strcasecmp.h" />
    <ClInclude Include="src\Apps\FTS\hud.h" />
    <ClInclude Include="src\gamez\zSeal\zseal.h" />
    <ClInclude Include="src\gamez\zNode\znode.h" />
    <ClInclude Include="src\gamez\zFTS\fts_state.h" />
    <ClInclude Include="src\gamez\zEntity\zentity.h" />
    <ClInclude Include="src\gamez\zFTS\zfts.h" />
    <ClInclude Include="src\gamez\zUtil\util_systemio.h" />
    <ClInclude Include="src\gamez\zEntity\intersect.h" />
    <ClInclude Include="src\gamez\zCamera\zcam.h" />
    <ClInclude Include="src\rt\rtarray.h" />
    <ClInclude Include="src\gamez\zRender\vis\zvis.h" />
    <ClInclude Include="src\gamez\zRender\zrender.h" />
    <ClInclude Include="src\gamez\zRender\particle\zparticle.h" />
    <ClInclude Include="src\gamez\zAssetLib\zassetlib.h" />
  </ItemGroup>
  <ItemGroup>
    <ClCompile Include="src\Apps\FTS\ai_main.cpp">
      <Filter>ai</Filter>
    </ClCompile>
    <ClCompile Include="src\Apps\FTS\ai_map.cpp">
      <Filter>ai</Filter>
    </ClCompile>
    <ClCompile Include="src\Apps\FTS\ai_mapio.cpp">
      <Filter>ai</Filter>
    </ClCompile>
    <ClCompile Include="src\gamez\zEntity\ent_main.cpp">
      <Filter>entity</Filter>
    </ClCompile>
    <ClCompile Include="src\main.cpp" />
    <ClCompile Include="src\gamez\zNode\node_assetlib.cpp">
      <Filter>node</Filter>
    </ClCompile>
    <ClCompile Include="src\gamez\zNode\node_io.cpp">
      <Filter>node</Filter>
    </ClCompile>
    <ClCompile Include="src\gamez\zNode\node_main.cpp">
      <Filter>node</Filter>
    </ClCompile>
    <ClCompile Include="src\gamez\zNode\node_saveload.cpp">
      <Filter>node</Filter>
    </ClCompile>
    <ClCompile Include="src\gamez\zNode\node_shadow.cpp">
      <Filter>node</Filter>
    </ClCompile>
    <ClCompile Include="src\gamez\zNode\node_world.cpp">
      <Filter>node</Filter>
    </ClCompile>
    <ClCompile Include="src\gamez\zArchive\zar_main.cpp">
      <Filter>zar</Filter>
    </ClCompile>
    <ClCompile Include="src\gamez\zArchive\zar_search.cpp">
      <Filter>zar</Filter>
    </ClCompile>
    <ClCompile Include="src\util\util_stable.cpp" />
    <ClCompile Include="src\gamez\zUI\c2dstring.cpp" />
    <ClCompile Include="src\gamez\zValve\valve_main.cpp" />
    <ClCompile Include="src\gamez\zAnim\anim_main.cpp" />
    <ClCompile Include="src\gamez\zSeal\seal_create.cpp" />
    <ClCompile Include="src\gamez\zSeal\seal_anim.cpp" />
    <ClCompile Include="src\gamez\zSeal\seal_env.cpp" />
    <ClCompile Include="src\gamez\zSeal\seal_tasks.cpp" />
    <ClCompile Include="src\util\util_main.cpp" />
    <ClCompile Include="src\gamez\zInput\zin_main.cpp" />
    <ClCompile Include="src\gamez\zAnim\anim.cpp" />
    <ClCompile Include="src\gamez\zCamera\camera.cpp" />
    <ClCompile Include="src\gamez\zSeal\seal_ai.cpp" />
    <ClCompile Include="src\gamez\zSeal\seal_aievent.cpp" />
    <ClCompile Include="src\gamez\zSeal\seal_aifollow.cpp" />
    <ClCompile Include="src\gamez\zSeal\seal_ailines.cpp" />
    <ClCompile Include="src\gamez\zSeal\seal_aimoves.cpp" />
    <ClCompile Include="src\gamez\zSeal\seal_airesponse.cpp" />
    <ClCompile Include="src\gamez\zSeal\seal_aiscan.cpp" />
    <ClCompile Include="src\gamez\zSeal\seal_aistate.cpp" />
    <ClCompile Include="src\gamez\zSeal\seal_body.cpp" />
    <ClCompile Include="src\gamez\zSeal\seal_cfg.cpp" />
    <ClCompile Include="src\gamez\zSeal\seal_command.cpp" />
    <ClCompile Include="src\gamez\zSeal\seal_control.cpp" />
    <ClCompile Include="src\gamez\zSeal\seal_dyn.cpp" />
    <ClCompile Include="src\gamez\zSeal\seal_ex.cpp" />
    <ClCompile Include="src\gamez\zSeal\seal_handsig.cpp" />
    <ClCompile Include="src\gamez\zSeal\seal_ik.cpp" />
    <ClCompile Include="src\gamez\zSeal\seal_kit.cpp" />
    <ClCompile Include="src\gamez\zSeal\seal_sensors.cpp" />
    <ClCompile Include="src\gamez\zSeal\seal_squirm.cpp" />
    <ClCompile Include="src\gamez\zSeal\seal_uint.cpp" />
    <ClCompile Include="src\gamez\zSeal\seal_weapon.cpp" />
    <ClCompile Include="src\gamez\zAnim\zanim_anim.cpp" />
    <ClCompile Include="src\gamez\zAnim\zanim_cmd_parse.cpp" />
    <ClCompile Include="src\gamez\zAnim\zanim_cmd_tick.cpp" />
    <ClCompile Include="src\gamez\zAnim\zanim_menu.cpp" />
    <ClCompile Include="src\gamez\zValve\valve_list.cpp" />
    <ClCompile Include="src\gamez\zInput\zin_cheats.cpp" />
    <ClCompile Include="src\Apps\FTS\hud_actionbitmap.cpp" />
    <ClCompile Include="src\Apps\FTS\hud_bitmapreticule.cpp" />
    <ClCompile Include="src\Apps\FTS\hud_bombmapitem.cpp" />
    <ClCompile Include="src\Apps\FTS\hud_claymoremapitem.cpp" />
    <ClCompile Include="src\Apps\FTS\hud_devtext.cpp" />
    <ClCompile Include="src\Apps\FTS\hud_fader.cpp" />
    <ClCompile Include="src\Apps\FTS\hud_ingame_weaponsel.cpp" />
    <ClCompile Include="src\Apps\FTS\hud_lensflare.cpp" />
    <ClCompile Include="src\Apps\FTS\hud_letterbox.cpp" />
    <ClCompile Include="src\Apps\FTS\hud_linemap.cpp" />
    <ClCompile Include="src\Apps\FTS\hud_main.cpp" />
    <ClCompile Include="src\Apps\FTS\hud_mapcompass.cpp" />
    <ClCompile Include="src\Apps\FTS\hud_missioncams.cpp" />
    <ClCompile Include="src\Apps\FTS\hud_newhudmap.cpp" />
    <ClCompile Include="src\Apps\FTS\hud_objectives.cpp" />
    <ClCompile Include="src\Apps\FTS\hud_pausemenu.cpp" />
    <ClCompile Include="src\Apps\FTS\hud_playermapitem.cpp" />
    <ClCompile Include="src\Apps\FTS\hud_posebitmap.cpp" />
    <ClCompile Include="src\Apps\FTS\hud_scorepopup.cpp" />
    <ClCompile Include="src\Apps\FTS\hud_teammatenames.cpp" />
    <ClCompile Include="src\Apps\FTS\hud_teamnames.cpp" />
    <ClCompile Include="src\Apps\FTS\hud_weaponsel.cpp" />
    <ClCompile Include="src\Apps\FTS\fts_action.cpp" />
    <ClCompile Include="src\Apps\FTS\fts_controller.cpp" />
    <ClCompile Include="src\Apps\FTS\fts_main.cpp" />
    <ClCompile Include="src\Apps\FTS\fts_mission.cpp" />
    <ClCompile Include="src\Apps\FTS\fts_missioncam.cpp" />
    <ClCompile Include="src\Apps\FTS\fts_net_bomb.cpp" />
    <ClCompile Include="src\Apps\FTS\fts_net_game.cpp" />
    <ClCompile Include="src\Apps\FTS\fts_net_grenade.cpp" />
    <ClCompile Include="src\Apps\FTS\fts_net_persona.cpp" />
    <ClCompile Include="src\Apps\FTS\fts_net_seal.cpp" />
    <ClCompile Include="src\Apps\FTS\fts_objectivecam.cpp" />
    <ClCompile Include="src\Apps\FTS\fts_player.cpp" />
    <ClCompile Include="src\Apps\FTS\fts_remote.cpp" />
    <ClCompile Include="src\gamez\zEntity\char_type.cpp" />
    <ClCompile Include="src\Apps\FTS\database.cpp" />
    <ClCompile Include="src\gamez\zNode\grid_clutter.cpp" />
    <ClCompile Include="src\gamez\zNode\grid_di.cpp" />
    <ClCompile Include="src\gamez\zNode\graph_tree.cpp" />
    <ClCompile Include="src\gamez\zNode\node_wave.cpp" />
    <ClCompile Include="src\Apps\FTS\orders.cpp" />
    <ClCompile Include="src\gamez\zInput\remote_control.cpp" />
    <ClCompile Include="src\Apps\FTS\reco.cpp" />
    <ClCompile Include="src\Apps\FTS\thezoom.cpp" />
    <ClCompile Include="src\Apps\FTS\st_load.cpp" />
    <ClCompile Include="src\Apps\FTS\st_core.cpp" />
    <ClCompile Include="src\Apps\FTS\st_exit.cpp" />
    <ClCompile Include="src\Apps\FTS\st_menu.cpp" />
    <ClCompile Include="src\Apps\FTS\st_mpexit.cpp" />
    <ClCompile Include="src\gamez\zEntity\pickup_main.cpp" />
    <ClCompile Include="src\gamez\zEntity\int_material.cpp" />
    <ClCompile Include="src\gamez\zSound\zsnd_csnd.cpp" />
    <ClCompile Include="src\gamez\zSound\zsnd_csndgroup.cpp" />
    <ClCompile Include="src\gamez\zSound\zsnd_csndinstance.cpp" />
    <ClCompile Include="src\gamez\zSound\zsnd_csndsequence.cpp" />
    <ClCompile Include="src\gamez\zSound\zsnd_jukebox.cpp" />
    <ClCompile Include="src\gamez\zMath\zmath_main.cpp" />
    <ClCompile Include="src\gamez\zMath\zmath_matrix.cpp" />
    <ClCompile Include="src\gamez\zMath\zmath_pnt3d.cpp" />
    <ClCompile Include="src\gamez\zMath\zmath_pnt4d.cpp" />
    <ClCompile Include="src\gamez\zNetwork\zNetDme.cpp" />
    <ClCompile Include="src\gamez\zNetwork\zNetMedius.cpp" />
    <ClCompile Include="src\gamez\zNetwork\zNetVoice.cpp" />
    <ClCompile Include="src\gamez\zReader\zrdr_archive.cpp" />
    <ClCompile Include="src\gamez\zReader\zrdr_edit.cpp" />
    <ClCompile Include="src\gamez\zReader\zrdr_file.cpp" />
    <ClCompile Include="src\gamez\zReader\zrdr_main.cpp" />
    <ClCompile Include="src\gamez\zReader\zrdr_parse.cpp" />
    <ClCompile Include="src\gamez\zRender\vis\vis_decal.cpp" />
    <ClCompile Include="src\gamez\zRender\vis\vis_main.cpp" />
    <ClCompile Include="src\gamez\zRender\vis\vis_texfx.cpp" />
    <ClCompile Include="src\gamez\zRender\particle\zparticle.cpp" />
    <ClCompile Include="src\gamez\zRender\particle\zparticle_buf.cpp" />
    <ClCompile Include="src\gamez\zRender\particle\zparticle_instance.cpp" />
    <ClCompile Include="src\gamez\zRender\particle\zparticle_source.cpp" />
    <ClCompile Include="src\gamez\zRender\zrndr_pipe.cpp" />
    <ClCompile Include="src\gamez\zRender\zrndr_main.cpp" />
    <ClCompile Include="src\gamez\zSystem\zsav_manager.cpp" />
    <ClCompile Include="src\gamez\zSystem\zsys_memory.cpp" />
    <ClCompile Include="src\gamez\zSystem\zsys_sched.cpp" />
    <ClCompile Include="src\gamez\zTexture\ztex_main.cpp" />
    <ClCompile Include="src\gamez\zTexture\ztex_manager.cpp" />
    <ClCompile Include="src\gamez\zUI\zui.cpp" />
    <ClCompile Include="src\gamez\zUI\zui_2d.cpp" />
    <ClCompile Include="src\gamez\zUI\zui_cleanup.cpp" />
    <ClCompile Include="src\gamez\zUI\zui_spec.cpp" />
    <ClCompile Include="src\gamez\zVideo\zvid_main.cpp" />
    <ClCompile Include="src\gamez\game_engine.cpp" />
    <ClCompile Include="src\gamez\game_main.cpp" />
    <ClCompile Include="src\gamez\game_state.cpp" />
    <ClCompile Include="src\gamez\game_tree.cpp" />
    <ClCompile Include="src\gamez\zWeapon\zwep_ammo.cpp" />
    <ClCompile Include="src\gamez\zWeapon\zwep_explosive.cpp" />
    <ClCompile Include="src\gamez\zWeapon\zwep_global.cpp" />
    <ClCompile Include="src\gamez\zWeapon\zwep_projectile.cpp" />
    <ClCompile Include="src\gamez\zWeapon\zwep_weapon.cpp" />
    <ClCompile Include="src\gamez\zUtil\util_main.cpp" />
    <ClCompile Include="src\gamez\zUtil\util_stable.cpp" />
    <ClCompile Include="src\gamez\zMath\zmath_intersect.cpp" />
    <ClCompile Include="src\Apps\FTS\ai_astar.cpp">
      <Filter>ai</Filter>
    </ClCompile>
    <ClCompile Include="src\Apps\FTS\ai_events.cpp">
      <Filter>ai</Filter>
    </ClCompile>
    <ClCompile Include="src\Apps\FTS\ai_maps.cpp">
      <Filter>ai</Filter>
    </ClCompile>
    <ClCompile Include="src\Apps\FTS\ai_path.cpp">
      <Filter>ai</Filter>
    </ClCompile>
    <ClCompile Include="src\Apps\FTS\ai_vismap.cpp">
      <Filter>ai</Filter>
    </ClCompile>
    <ClCompile Include="src\gamez\zCamera\fov.cpp" />
    <ClCompile Include="src\gamez\zCamera\zcam_main.cpp" />
    <ClCompile Include="src\Apps\FTS\getopt.cpp" />
    <ClCompile Include="src\Apps\FTS\options.cpp" />
    <ClCompile Include="src\gamez\zFTS\fts_state.cpp" />
    <ClCompile Include="src\gamez\zCamera\zcam_update.cpp" />
    <ClCompile Include="src\gamez\zUtil\util_systemio.cpp" />
    <ClCompile Include="src\gamez\zEntity\int_main.cpp" />
    <ClCompile Include="src\gamez\zVideo\zmpeg.cpp" />
    <ClCompile Include="src\gamez\zVideo\zvid_draw.cpp" />
  </ItemGroup>
  <ItemGroup>
    <None Include="scripts\readers\dynamics.rdr" />
    <None Include="scripts\readers\global_valves.rdr" />
    <None Include="scripts\readers\sndjukeboxm.rdr" />
    <None Include="scripts\readers\mission.rdr" />
    <None Include="scripts\readers\vehicles.rdr" />
  </ItemGroup>
</Project>